// !$*UTF8*$!
{
	archiveVersion = 1;
	classes = {
	};
	objectVersion = 77;
	objects = {

/* Begin PBXBuildFile section */
		68DDAA0E30758F730000EFD7 /* AppDelegate.swift in Sources */ = {isa = PBXBuildFile; fileRef = 68DDAA0D30758F730000EFD7 /* AppDelegate.swift */; };
		68DDAA1030758F730000EFD7 /* SceneDelegate.swift in Sources */ = {isa = PBXBuildFile; fileRef = 68DDAA0F30758F730000EFD7 /* SceneDelegate.swift */; };
		68DDAA1330758F730000EFD7 /* LaunchScreen.storyboard in Resources */ = {isa = PBXBuildFile; fileRef = 68DDAA1130758F730000EFD7 /* LaunchScreen.storyboard */; };
		68DDAA1630758F730000EFD7 /* Main.storyboard in Resources */ = {isa = PBXBuildFile; fileRef = 68DDAA1430758F730000EFD7 /* Main.storyboard */; };
		68DDAA1F30758F730000EFD7 /* AppDelegate.swift in Sources */ = {isa = PBXBuildFile; fileRef = 68DDAA1E30758F730000EFD7 /* AppDelegate.swift */; };
		68DDAA2230758F730000EFD7 /* Main.storyboard in Resources */ = {isa = PBXBuildFile; fileRef = 68DDAA2030758F730000EFD7 /* Main.storyboard */; };
		68DDAA2930758F730000EFD7 /* Resource Timer for OGame Extension.appex in Embed Foundation Extensions */ = {isa = PBXBuildFile; fileRef = 68DDAA2830758F730000EFD7 /* Resource Timer for OGame Extension.appex */; settings = {ATTRIBUTES = (RemoveHeadersOnCopy, ); }; };
		68DDAA3330758F730000EFD7 /* Resource Timer for OGame Extension.appex in Embed Foundation Extensions */ = {isa = PBXBuildFile; fileRef = 68DDAA3230758F730000EFD7 /* Resource Timer for OGame Extension.appex */; settings = {ATTRIBUTES = (RemoveHeadersOnCopy, ); }; };
		68DDAA3830758F730000EFD7 /* Main.html in Resources */ = {isa = PBXBuildFile; fileRef = 68DDA9FD30758F730000EFD7 /* Main.html */; };
		68DDAA3930758F730000EFD7 /* Main.html in Resources */ = {isa = PBXBuildFile; fileRef = 68DDA9FD30758F730000EFD7 /* Main.html */; };
		68DDAA3A30758F730000EFD7 /* Icon.png in Resources */ = {isa = PBXBuildFile; fileRef = 68DDA9FF30758F730000EFD7 /* Icon.png */; };
		68DDAA3B30758F730000EFD7 /* Icon.png in Resources */ = {isa = PBXBuildFile; fileRef = 68DDA9FF30758F730000EFD7 /* Icon.png */; };
		68DDAA3C30758F730000EFD7 /* Style.css in Resources */ = {isa = PBXBuildFile; fileRef = 68DDAA0030758F730000EFD7 /* Style.css */; };
		68DDAA3D30758F730000EFD7 /* Style.css in Resources */ = {isa = PBXBuildFile; fileRef = 68DDAA0030758F730000EFD7 /* Style.css */; };
		68DDAA3E30758F730000EFD7 /* Script.js in Resources */ = {isa = PBXBuildFile; fileRef = 68DDAA0130758F730000EFD7 /* Script.js */; };
		68DDAA3F30758F730000EFD7 /* Script.js in Resources */ = {isa = PBXBuildFile; fileRef = 68DDAA0130758F730000EFD7 /* Script.js */; };
		68DDAA4030758F730000EFD7 /* ViewController.swift in Sources */ = {isa = PBXBuildFile; fileRef = 68DDAA0230758F730000EFD7 /* ViewController.swift */; };
		68DDAA4130758F730000EFD7 /* ViewController.swift in Sources */ = {isa = PBXBuildFile; fileRef = 68DDAA0230758F730000EFD7 /* ViewController.swift */; };
		68DDAA4230758F730000EFD7 /* Assets.xcassets in Resources */ = {isa = PBXBuildFile; fileRef = 68DDAA0330758F730000EFD7 /* Assets.xcassets */; };
		68DDAA4330758F730000EFD7 /* Assets.xcassets in Resources */ = {isa = PBXBuildFile; fileRef = 68DDAA0330758F730000EFD7 /* Assets.xcassets */; };
		68DDAA4430758F730000EFD7 /* SafariWebExtensionHandler.swift in Sources */ = {isa = PBXBuildFile; fileRef = 68DDAA0530758F730000EFD7 /* SafariWebExtensionHandler.swift */; };
		68DDAA4530758F730000EFD7 /* SafariWebExtensionHandler.swift in Sources */ = {isa = PBXBuildFile; fileRef = 68DDAA0530758F730000EFD7 /* SafariWebExtensionHandler.swift */; };
		68DDAA5D30758F740000EFD7 /* styles.css in Resources */ = {isa = PBXBuildFile; fileRef = 68DDAA5730758F740000EFD7 /* styles.css */; };
		68DDAA5E30758F740000EFD7 /* icons in Resources */ = {isa = PBXBuildFile; fileRef = 68DDAA5830758F740000EFD7 /* icons */; };
		68DDAA5F30758F740000EFD7 /* manifest.json in Resources */ = {isa = PBXBuildFile; fileRef = 68DDAA5930758F740000EFD7 /* manifest.json */; };
		68DDAA6030758F740000EFD7 /* inject.js in Resources */ = {isa = PBXBuildFile; fileRef = 68DDAA5A30758F740000EFD7 /* inject.js */; };
		68DDAA6130758F740000EFD7 /* content.js in Resources */ = {isa = PBXBuildFile; fileRef = 68DDAA5B30758F740000EFD7 /* content.js */; };
		68DDAA6230758F740000EFD7 /* i18n.js in Resources */ = {isa = PBXBuildFile; fileRef = 68DDAA5C30758F740000EFD7 /* i18n.js */; };
		68DDAA6330758F740000EFD7 /* styles.css in Resources */ = {isa = PBXBuildFile; fileRef = 68DDAA5730758F740000EFD7 /* styles.css */; };
		68DDAA6430758F740000EFD7 /* icons in Resources */ = {isa = PBXBuildFile; fileRef = 68DDAA5830758F740000EFD7 /* icons */; };
		68DDAA6530758F740000EFD7 /* manifest.json in Resources */ = {isa = PBXBuildFile; fileRef = 68DDAA5930758F740000EFD7 /* manifest.json */; };
		68DDAA6630758F740000EFD7 /* inject.js in Resources */ = {isa = PBXBuildFile; fileRef = 68DDAA5A30758F740000EFD7 /* inject.js */; };
		68DDAA6730758F740000EFD7 /* content.js in Resources */ = {isa = PBXBuildFile; fileRef = 68DDAA5B30758F740000EFD7 /* content.js */; };
		68DDAA6830758F740000EFD7 /* i18n.js in Resources */ = {isa = PBXBuildFile; fileRef = 68DDAA5C30758F740000EFD7 /* i18n.js */; };
/* End PBXBuildFile section */

/* Begin PBXContainerItemProxy section */
		68DDAA2A30758F730000EFD7 /* PBXContainerItemProxy */ = {
			isa = PBXContainerItemProxy;
			containerPortal = 68DDA9F730758F730000EFD7 /* Project object */;
			proxyType = 1;
			remoteGlobalIDString = 68DDAA2730758F730000EFD7;
			remoteInfo = "Resource Timer for OGame Extension (iOS)";
		};
		68DDAA3430758F730000EFD7 /* PBXContainerItemProxy */ = {
			isa = PBXContainerItemProxy;
			containerPortal = 68DDA9F730758F730000EFD7 /* Project object */;
			proxyType = 1;
			remoteGlobalIDString = 68DDAA3130758F730000EFD7;
			remoteInfo = "Resource Timer for OGame Extension (macOS)";
		};
/* End PBXContainerItemProxy section */

/* Begin PBXCopyFilesBuildPhase section */
		68DDAA4B30758F730000EFD7 /* Embed Foundation Extensions */ = {
			isa = PBXCopyFilesBuildPhase;
			buildActionMask = 2147483647;
			dstPath = "";
			dstSubfolderSpec = 13;
			files = (
				68DDAA2930758F730000EFD7 /* Resource Timer for OGame Extension.appex in Embed Foundation Extensions */,
			);
			name = "Embed Foundation Extensions";
			runOnlyForDeploymentPostprocessing = 0;
		};
		68DDAA5230758F730000EFD7 /* Embed Foundation Extensions */ = {
			isa = PBXCopyFilesBuildPhase;
			buildActionMask = 2147483647;
			dstPath = "";
			dstSubfolderSpec = 13;
			files = (
				68DDAA3330758F730000EFD7 /* Resource Timer for OGame Extension.appex in Embed Foundation Extensions */,
			);
			name = "Embed Foundation Extensions";
			runOnlyForDeploymentPostprocessing = 0;
		};
/* End PBXCopyFilesBuildPhase section */

/* Begin PBXFileReference section */
		68DDA9FE30758F730000EFD7 /* Base */ = {isa = PBXFileReference; lastKnownFileType = text.html; name = Base; path = Base.lproj/Main.html; sourceTree = "<group>"; };
		68DDA9FF30758F730000EFD7 /* Icon.png */ = {isa = PBXFileReference; lastKnownFileType = image.png; path = Icon.png; sourceTree = "<group>"; };
		68DDAA0030758F730000EFD7 /* Style.css */ = {isa = PBXFileReference; lastKnownFileType = text.css; path = Style.css; sourceTree = "<group>"; };
		68DDAA0130758F730000EFD7 /* Script.js */ = {isa = PBXFileReference; lastKnownFileType = sourcecode.javascript; path = Script.js; sourceTree = "<group>"; };
		68DDAA0230758F730000EFD7 /* ViewController.swift */ = {isa = PBXFileReference; lastKnownFileType = sourcecode.swift; path = ViewController.swift; sourceTree = "<group>"; };
		68DDAA0330758F730000EFD7 /* Assets.xcassets */ = {isa = PBXFileReference; lastKnownFileType = folder.assetcatalog; path = Assets.xcassets; sourceTree = "<group>"; };
		68DDAA0530758F730000EFD7 /* SafariWebExtensionHandler.swift */ = {isa = PBXFileReference; lastKnownFileType = sourcecode.swift; path = SafariWebExtensionHandler.swift; sourceTree = "<group>"; };
		68DDAA0A30758F730000EFD7 /* Resource Timer for OGame.app */ = {isa = PBXFileReference; explicitFileType = wrapper.application; includeInIndex = 0; path = "Resource Timer for OGame.app"; sourceTree = BUILT_PRODUCTS_DIR; };
		68DDAA0D30758F730000EFD7 /* AppDelegate.swift */ = {isa = PBXFileReference; lastKnownFileType = sourcecode.swift; path = AppDelegate.swift; sourceTree = "<group>"; };
		68DDAA0F30758F730000EFD7 /* SceneDelegate.swift */ = {isa = PBXFileReference; lastKnownFileType = sourcecode.swift; path = SceneDelegate.swift; sourceTree = "<group>"; };
		68DDAA1230758F730000EFD7 /* Base */ = {isa = PBXFileReference; lastKnownFileType = file.storyboard; name = Base; path = Base.lproj/LaunchScreen.storyboard; sourceTree = "<group>"; };
		68DDAA1530758F730000EFD7 /* Base */ = {isa = PBXFileReference; lastKnownFileType = file.storyboard; name = Base; path = Base.lproj/Main.storyboard; sourceTree = "<group>"; };
		68DDAA1730758F730000EFD7 /* Info.plist */ = {isa = PBXFileReference; lastKnownFileType = text.plist.xml; path = Info.plist; sourceTree = "<group>"; };
		68DDAA1C30758F730000EFD7 /* Resource Timer for OGame.app */ = {isa = PBXFileReference; explicitFileType = wrapper.application; includeInIndex = 0; path = "Resource Timer for OGame.app"; sourceTree = BUILT_PRODUCTS_DIR; };
		68DDAA1E30758F730000EFD7 /* AppDelegate.swift */ = {isa = PBXFileReference; lastKnownFileType = sourcecode.swift; path = AppDelegate.swift; sourceTree = "<group>"; };
		68DDAA2130758F730000EFD7 /* Base */ = {isa = PBXFileReference; lastKnownFileType = file.storyboard; name = Base; path = Base.lproj/Main.storyboard; sourceTree = "<group>"; };
		68DDAA2330758F730000EFD7 /* Info.plist */ = {isa = PBXFileReference; lastKnownFileType = text.plist.xml; path = Info.plist; sourceTree = "<group>"; };
		68DDAA2830758F730000EFD7 /* Resource Timer for OGame Extension.appex */ = {isa = PBXFileReference; explicitFileType = "wrapper.app-extension"; includeInIndex = 0; path = "Resource Timer for OGame Extension.appex"; sourceTree = BUILT_PRODUCTS_DIR; };
		68DDAA2D30758F730000EFD7 /* Info.plist */ = {isa = PBXFileReference; lastKnownFileType = text.plist.xml; path = Info.plist; sourceTree = "<group>"; };
		68DDAA3230758F730000EFD7 /* Resource Timer for OGame Extension.appex */ = {isa = PBXFileReference; explicitFileType = "wrapper.app-extension"; includeInIndex = 0; path = "Resource Timer for OGame Extension.appex"; sourceTree = BUILT_PRODUCTS_DIR; };
		68DDAA3730758F730000EFD7 /* Info.plist */ = {isa = PBXFileReference; lastKnownFileType = text.plist.xml; path = Info.plist; sourceTree = "<group>"; };
		68DDAA5730758F740000EFD7 /* styles.css */ = {isa = PBXFileReference; lastKnownFileType = text.css; name = styles.css; path = ../../../extension/styles.css; sourceTree = "<group>"; };
		68DDAA5830758F740000EFD7 /* icons */ = {isa = PBXFileReference; lastKnownFileType = folder; name = icons; path = ../../../extension/icons; sourceTree = "<group>"; };
		68DDAA5930758F740000EFD7 /* manifest.json */ = {isa = PBXFileReference; lastKnownFileType = text.json; name = manifest.json; path = ../../../extension/manifest.json; sourceTree = "<group>"; };
		68DDAA5A30758F740000EFD7 /* inject.js */ = {isa = PBXFileReference; lastKnownFileType = sourcecode.javascript; name = inject.js; path = ../../../extension/inject.js; sourceTree = "<group>"; };
		68DDAA5B30758F740000EFD7 /* content.js */ = {isa = PBXFileReference; lastKnownFileType = sourcecode.javascript; name = content.js; path = ../../../extension/content.js; sourceTree = "<group>"; };
		68DDAA5C30758F740000EFD7 /* i18n.js */ = {isa = PBXFileReference; lastKnownFileType = sourcecode.javascript; name = i18n.js; path = ../../../extension/i18n.js; sourceTree = "<group>"; };
/* End PBXFileReference section */

/* Begin PBXFrameworksBuildPhase section */
		68DDAA0730758F730000EFD7 /* Frameworks */ = {
			isa = PBXFrameworksBuildPhase;
			buildActionMask = 2147483647;
			files = (
			);
			runOnlyForDeploymentPostprocessing = 0;
		};
		68DDAA1930758F730000EFD7 /* Frameworks */ = {
			isa = PBXFrameworksBuildPhase;
			buildActionMask = 2147483647;
			files = (
			);
			runOnlyForDeploymentPostprocessing = 0;
		};
		68DDAA2530758F730000EFD7 /* Frameworks */ = {
			isa = PBXFrameworksBuildPhase;
			buildActionMask = 2147483647;
			files = (
			);
			runOnlyForDeploymentPostprocessing = 0;
		};
		68DDAA2F30758F730000EFD7 /* Frameworks */ = {
			isa = PBXFrameworksBuildPhase;
			buildActionMask = 2147483647;
			files = (
			);
			runOnlyForDeploymentPostprocessing = 0;
		};
/* End PBXFrameworksBuildPhase section */

/* Begin PBXGroup section */
		68DDA9F630758F730000EFD7 = {
			isa = PBXGroup;
			children = (
				68DDA9FB30758F730000EFD7 /* Shared (App) */,
				68DDAA0430758F730000EFD7 /* Shared (Extension) */,
				68DDAA0C30758F730000EFD7 /* iOS (App) */,
				68DDAA1D30758F730000EFD7 /* macOS (App) */,
				68DDAA2C30758F730000EFD7 /* iOS (Extension) */,
				68DDAA3630758F730000EFD7 /* macOS (Extension) */,
				68DDAA0B30758F730000EFD7 /* Products */,
			);
			sourceTree = "<group>";
		};
		68DDA9FB30758F730000EFD7 /* Shared (App) */ = {
			isa = PBXGroup;
			children = (
				68DDAA0230758F730000EFD7 /* ViewController.swift */,
				68DDAA0330758F730000EFD7 /* Assets.xcassets */,
				68DDA9FC30758F730000EFD7 /* Resources */,
			);
			path = "Shared (App)";
			sourceTree = "<group>";
		};
		68DDA9FC30758F730000EFD7 /* Resources */ = {
			isa = PBXGroup;
			children = (
				68DDA9FD30758F730000EFD7 /* Main.html */,
				68DDA9FF30758F730000EFD7 /* Icon.png */,
				68DDAA0030758F730000EFD7 /* Style.css */,
				68DDAA0130758F730000EFD7 /* Script.js */,
			);
			path = Resources;
			sourceTree = "<group>";
		};
		68DDAA0430758F730000EFD7 /* Shared (Extension) */ = {
			isa = PBXGroup;
			children = (
				68DDAA5630758F740000EFD7 /* Resources */,
				68DDAA0530758F730000EFD7 /* SafariWebExtensionHandler.swift */,
			);
			path = "Shared (Extension)";
			sourceTree = "<group>";
		};
		68DDAA0B30758F730000EFD7 /* Products */ = {
			isa = PBXGroup;
			children = (
				68DDAA0A30758F730000EFD7 /* Resource Timer for OGame.app */,
				68DDAA1C30758F730000EFD7 /* Resource Timer for OGame.app */,
				68DDAA2830758F730000EFD7 /* Resource Timer for OGame Extension.appex */,
				68DDAA3230758F730000EFD7 /* Resource Timer for OGame Extension.appex */,
			);
			name = Products;
			sourceTree = "<group>";
		};
		68DDAA0C30758F730000EFD7 /* iOS (App) */ = {
			isa = PBXGroup;
			children = (
				68DDAA0D30758F730000EFD7 /* AppDelegate.swift */,
				68DDAA0F30758F730000EFD7 /* SceneDelegate.swift */,
				68DDAA1130758F730000EFD7 /* LaunchScreen.storyboard */,
				68DDAA1430758F730000EFD7 /* Main.storyboard */,
				68DDAA1730758F730000EFD7 /* Info.plist */,
			);
			path = "iOS (App)";
			sourceTree = "<group>";
		};
		68DDAA1D30758F730000EFD7 /* macOS (App) */ = {
			isa = PBXGroup;
			children = (
				68DDAA1E30758F730000EFD7 /* AppDelegate.swift */,
				68DDAA2030758F730000EFD7 /* Main.storyboard */,
				68DDAA2330758F730000EFD7 /* Info.plist */,
			);
			path = "macOS (App)";
			sourceTree = "<group>";
		};
		68DDAA2C30758F730000EFD7 /* iOS (Extension) */ = {
			isa = PBXGroup;
			children = (
				68DDAA2D30758F730000EFD7 /* Info.plist */,
			);
			path = "iOS (Extension)";
			sourceTree = "<group>";
		};
		68DDAA3630758F730000EFD7 /* macOS (Extension) */ = {
			isa = PBXGroup;
			children = (
				68DDAA3730758F730000EFD7 /* Info.plist */,
			);
			path = "macOS (Extension)";
			sourceTree = "<group>";
		};
		68DDAA5630758F740000EFD7 /* Resources */ = {
			isa = PBXGroup;
			children = (
				68DDAA5730758F740000EFD7 /* styles.css */,
				68DDAA5830758F740000EFD7 /* icons */,
				68DDAA5930758F740000EFD7 /* manifest.json */,
				68DDAA5A30758F740000EFD7 /* inject.js */,
				68DDAA5B30758F740000EFD7 /* content.js */,
				68DDAA5C30758F740000EFD7 /* i18n.js */,
			);
			name = Resources;
			path = "Shared (Extension)";
			sourceTree = SOURCE_ROOT;
		};
/* End PBXGroup section */

/* Begin PBXNativeTarget section */
		68DDAA0930758F730000EFD7 /* Resource Timer for OGame (iOS) */ = {
			isa = PBXNativeTarget;
			buildConfigurationList = 68DDAA4C30758F730000EFD7 /* Build configuration list for PBXNativeTarget "Resource Timer for OGame (iOS)" */;
			buildPhases = (
				68DDAA0630758F730000EFD7 /* Sources */,
				68DDAA0730758F730000EFD7 /* Frameworks */,
				68DDAA0830758F730000EFD7 /* Resources */,
				68DDAA4B30758F730000EFD7 /* Embed Foundation Extensions */,
			);
			buildRules = (
			);
			dependencies = (
				68DDAA2B30758F730000EFD7 /* PBXTargetDependency */,
			);
			name = "Resource Timer for OGame (iOS)";
			packageProductDependencies = (
			);
			productName = "Resource Timer for OGame (iOS)";
			productReference = 68DDAA0A30758F730000EFD7 /* Resource Timer for OGame.app */;
			productType = "com.apple.product-type.application";
		};
		68DDAA1B30758F730000EFD7 /* Resource Timer for OGame (macOS) */ = {
			isa = PBXNativeTarget;
			buildConfigurationList = 68DDAA5330758F730000EFD7 /* Build configuration list for PBXNativeTarget "Resource Timer for OGame (macOS)" */;
			buildPhases = (
				68DDAA1830758F730000EFD7 /* Sources */,
				68DDAA1930758F730000EFD7 /* Frameworks */,
				68DDAA1A30758F730000EFD7 /* Resources */,
				68DDAA5230758F730000EFD7 /* Embed Foundation Extensions */,
			);
			buildRules = (
			);
			dependencies = (
				68DDAA3530758F730000EFD7 /* PBXTargetDependency */,
			);
			name = "Resource Timer for OGame (macOS)";
			packageProductDependencies = (
			);
			productName = "Resource Timer for OGame (macOS)";
			productReference = 68DDAA1C30758F730000EFD7 /* Resource Timer for OGame.app */;
			productType = "com.apple.product-type.application";
		};
		68DDAA2730758F730000EFD7 /* Resource Timer for OGame Extension (iOS) */ = {
			isa = PBXNativeTarget;
			buildConfigurationList = 68DDAA4830758F730000EFD7 /* Build configuration list for PBXNativeTarget "Resource Timer for OGame Extension (iOS)" */;
			buildPhases = (
				68DDAA2430758F730000EFD7 /* Sources */,
				68DDAA2530758F730000EFD7 /* Frameworks */,
				68DDAA2630758F730000EFD7 /* Resources */,
			);
			buildRules = (
			);
			dependencies = (
			);
			name = "Resource Timer for OGame Extension (iOS)";
			packageProductDependencies = (
			);
			productName = "Resource Timer for OGame Extension (iOS)";
			productReference = 68DDAA2830758F730000EFD7 /* Resource Timer for OGame Extension.appex */;
			productType = "com.apple.product-type.app-extension";
		};
		68DDAA3130758F730000EFD7 /* Resource Timer for OGame Extension (macOS) */ = {
			isa = PBXNativeTarget;
			buildConfigurationList = 68DDAA4F30758F730000EFD7 /* Build configuration list for PBXNativeTarget "Resource Timer for OGame Extension (macOS)" */;
			buildPhases = (
				68DDAA2E30758F730000EFD7 /* Sources */,
				68DDAA2F30758F730000EFD7 /* Frameworks */,
				68DDAA3030758F730000EFD7 /* Resources */,
			);
			buildRules = (
			);
			dependencies = (
			);
			name = "Resource Timer for OGame Extension (macOS)";
			packageProductDependencies = (
			);
			productName = "Resource Timer for OGame Extension (macOS)";
			productReference = 68DDAA3230758F730000EFD7 /* Resource Timer for OGame Extension.appex */;
			productType = "com.apple.product-type.app-extension";
		};
/* End PBXNativeTarget section */

/* Begin PBXProject section */
		68DDA9F730758F730000EFD7 /* Project object */ = {
			isa = PBXProject;
			attributes = {
				BuildIndependentTargetsInParallel = 1;
				LastSwiftUpdateCheck = 2610;
				LastUpgradeCheck = 2610;
				TargetAttributes = {
					68DDAA0930758F730000EFD7 = {
						CreatedOnToolsVersion = 26.1.1;
					};
					68DDAA1B30758F730000EFD7 = {
						CreatedOnToolsVersion = 26.1.1;
					};
					68DDAA2730758F730000EFD7 = {
						CreatedOnToolsVersion = 26.1.1;
					};
					68DDAA3130758F730000EFD7 = {
						CreatedOnToolsVersion = 26.1.1;
					};
				};
			};
			buildConfigurationList = 68DDA9FA30758F730000EFD7 /* Build configuration list for PBXProject "Resource Timer for OGame" */;
			developmentRegion = en;
			hasScannedForEncodings = 0;
			knownRegions = (
				en,
				Base,
			);
			mainGroup = 68DDA9F630758F730000EFD7;
			minimizedProjectReferenceProxies = 1;
			preferredProjectObjectVersion = 77;
			productRefGroup = 68DDAA0B30758F730000EFD7 /* Products */;
			projectDirPath = "";
			projectRoot = "";
			targets = (
				68DDAA0930758F730000EFD7 /* Resource Timer for OGame (iOS) */,
				68DDAA1B30758F730000EFD7 /* Resource Timer for OGame (macOS) */,
				68DDAA2730758F730000EFD7 /* Resource Timer for OGame Extension (iOS) */,
				68DDAA3130758F730000EFD7 /* Resource Timer for OGame Extension (macOS) */,
			);
		};
/* End PBXProject section */

/* Begin PBXResourcesBuildPhase section */
		68DDAA0830758F730000EFD7 /* Resources */ = {
			isa = PBXResourcesBuildPhase;
			buildActionMask = 2147483647;
			files = (
				68DDAA3A30758F730000EFD7 /* Icon.png in Resources */,
				68DDAA1330758F730000EFD7 /* LaunchScreen.storyboard in Resources */,
				68DDAA3830758F730000EFD7 /* Main.html in Resources */,
				68DDAA3E30758F730000EFD7 /* Script.js in Resources */,
				68DDAA4230758F730000EFD7 /* Assets.xcassets in Resources */,
				68DDAA1630758F730000EFD7 /* Main.storyboard in Resources */,
				68DDAA3C30758F730000EFD7 /* Style.css in Resources */,
			);
			runOnlyForDeploymentPostprocessing = 0;
		};
		68DDAA1A30758F730000EFD7 /* Resources */ = {
			isa = PBXResourcesBuildPhase;
			buildActionMask = 2147483647;
			files = (
				68DDAA3B30758F730000EFD7 /* Icon.png in Resources */,
				68DDAA3D30758F730000EFD7 /* Style.css in Resources */,
				68DDAA2230758F730000EFD7 /* Main.storyboard in Resources */,
				68DDAA3F30758F730000EFD7 /* Script.js in Resources */,
				68DDAA4330758F730000EFD7 /* Assets.xcassets in Resources */,
				68DDAA3930758F730000EFD7 /* Main.html in Resources */,
			);
			runOnlyForDeploymentPostprocessing = 0;
		};
		68DDAA2630758F730000EFD7 /* Resources */ = {
			isa = PBXResourcesBuildPhase;
			buildActionMask = 2147483647;
			files = (
				68DDAA6830758F740000EFD7 /* i18n.js in Resources */,
				68DDAA6330758F740000EFD7 /* styles.css in Resources */,
				68DDAA6630758F740000EFD7 /* inject.js in Resources */,
				68DDAA6530758F740000EFD7 /* manifest.json in Resources */,
				68DDAA6430758F740000EFD7 /* icons in Resources */,
				68DDAA6730758F740000EFD7 /* content.js in Resources */,
			);
			runOnlyForDeploymentPostprocessing = 0;
		};
		68DDAA3030758F730000EFD7 /* Resources */ = {
			isa = PBXResourcesBuildPhase;
			buildActionMask = 2147483647;
			files = (
				68DDAA6230758F740000EFD7 /* i18n.js in Resources */,
				68DDAA5D30758F740000EFD7 /* styles.css in Resources */,
				68DDAA6030758F740000EFD7 /* inject.js in Resources */,
				68DDAA5F30758F740000EFD7 /* manifest.json in Resources */,
				68DDAA5E30758F740000EFD7 /* icons in Resources */,
				68DDAA6130758F740000EFD7 /* content.js in Resources */,
			);
			runOnlyForDeploymentPostprocessing = 0;
		};
/* End PBXResourcesBuildPhase section */

/* Begin PBXSourcesBuildPhase section */
		68DDAA0630758F730000EFD7 /* Sources */ = {
			isa = PBXSourcesBuildPhase;
			buildActionMask = 2147483647;
			files = (
				68DDAA4030758F730000EFD7 /* ViewController.swift in Sources */,
				68DDAA0E30758F730000EFD7 /* AppDelegate.swift in Sources */,
				68DDAA1030758F730000EFD7 /* SceneDelegate.swift in Sources */,
			);
			runOnlyForDeploymentPostprocessing = 0;
		};
		68DDAA1830758F730000EFD7 /* Sources */ = {
			isa = PBXSourcesBuildPhase;
			buildActionMask = 2147483647;
			files = (
				68DDAA4130758F730000EFD7 /* ViewController.swift in Sources */,
				68DDAA1F30758F730000EFD7 /* AppDelegate.swift in Sources */,
			);
			runOnlyForDeploymentPostprocessing = 0;
		};
		68DDAA2430758F730000EFD7 /* Sources */ = {
			isa = PBXSourcesBuildPhase;
			buildActionMask = 2147483647;
			files = (
				68DDAA4430758F730000EFD7 /* SafariWebExtensionHandler.swift in Sources */,
			);
			runOnlyForDeploymentPostprocessing = 0;
		};
		68DDAA2E30758F730000EFD7 /* Sources */ = {
			isa = PBXSourcesBuildPhase;
			buildActionMask = 2147483647;
			files = (
				68DDAA4530758F730000EFD7 /* SafariWebExtensionHandler.swift in Sources */,
			);
			runOnlyForDeploymentPostprocessing = 0;
		};
/* End PBXSourcesBuildPhase section */

/* Begin PBXTargetDependency section */
		68DDAA2B30758F730000EFD7 /* PBXTargetDependency */ = {
			isa = PBXTargetDependency;
			target = 68DDAA2730758F730000EFD7 /* Resource Timer for OGame Extension (iOS) */;
			targetProxy = 68DDAA2A30758F730000EFD7 /* PBXContainerItemProxy */;
		};
		68DDAA3530758F730000EFD7 /* PBXTargetDependency */ = {
			isa = PBXTargetDependency;
			target = 68DDAA3130758F730000EFD7 /* Resource Timer for OGame Extension (macOS) */;
			targetProxy = 68DDAA3430758F730000EFD7 /* PBXContainerItemProxy */;
		};
/* End PBXTargetDependency section */

/* Begin PBXVariantGroup section */
		68DDA9FD30758F730000EFD7 /* Main.html */ = {
			isa = PBXVariantGroup;
			children = (
				68DDA9FE30758F730000EFD7 /* Base */,
			);
			name = Main.html;
			sourceTree = "<group>";
		};
		68DDAA1130758F730000EFD7 /* LaunchScreen.storyboard */ = {
			isa = PBXVariantGroup;
			children = (
				68DDAA1230758F730000EFD7 /* Base */,
			);
			name = LaunchScreen.storyboard;
			sourceTree = "<group>";
		};
		68DDAA1430758F730000EFD7 /* Main.storyboard */ = {
			isa = PBXVariantGroup;
			children = (
				68DDAA1530758F730000EFD7 /* Base */,
			);
			name = Main.storyboard;
			sourceTree = "<group>";
		};
		68DDAA2030758F730000EFD7 /* Main.storyboard */ = {
			isa = PBXVariantGroup;
			children = (
				68DDAA2130758F730000EFD7 /* Base */,
			);
			name = Main.storyboard;
			sourceTree = "<group>";
		};
/* End PBXVariantGroup section */

/* Begin XCBuildConfiguration section */
		68DDAA4630758F730000EFD7 /* Debug */ = {
			isa = XCBuildConfiguration;
			buildSettings = {
				ALWAYS_SEARCH_USER_PATHS = NO;
				ASSETCATALOG_COMPILER_GENERATE_SWIFT_ASSET_SYMBOL_EXTENSIONS = YES;
				CLANG_ANALYZER_NONNULL = YES;
				CLANG_ANALYZER_NUMBER_OBJECT_CONVERSION = YES_AGGRESSIVE;
				CLANG_CXX_LANGUAGE_STANDARD = "gnu++20";
				CLANG_ENABLE_MODULES = YES;
				CLANG_ENABLE_OBJC_ARC = YES;
				CLANG_ENABLE_OBJC_WEAK = YES;
				CLANG_WARN_BLOCK_CAPTURE_AUTORELEASING = YES;
				CLANG_WARN_BOOL_CONVERSION = YES;
				CLANG_WARN_COMMA = YES;
				CLANG_WARN_CONSTANT_CONVERSION = YES;
				CLANG_WARN_DEPRECATED_OBJC_IMPLEMENTATIONS = YES;
				CLANG_WARN_DIRECT_OBJC_ISA_USAGE = YES_ERROR;
				CLANG_WARN_DOCUMENTATION_COMMENTS = YES;
				CLANG_WARN_EMPTY_BODY = YES;
				CLANG_WARN_ENUM_CONVERSION = YES;
				CLANG_WARN_INFINITE_RECURSION = YES;
				CLANG_WARN_INT_CONVERSION = YES;
				CLANG_WARN_NON_LITERAL_NULL_CONVERSION = YES;
				CLANG_WARN_OBJC_IMPLICIT_RETAIN_SELF = YES;
				CLANG_WARN_OBJC_LITERAL_CONVERSION = YES;
				CLANG_WARN_OBJC_ROOT_CLASS = YES_ERROR;
				CLANG_WARN_QUOTED_INCLUDE_IN_FRAMEWORK_HEADER = YES;
				CLANG_WARN_RANGE_LOOP_ANALYSIS = YES;
				CLANG_WARN_STRICT_PROTOTYPES = YES;
				CLANG_WARN_SUSPICIOUS_MOVE = YES;
				CLANG_WARN_UNGUARDED_AVAILABILITY = YES_AGGRESSIVE;
				CLANG_WARN_UNREACHABLE_CODE = YES;
				CLANG_WARN__DUPLICATE_METHOD_MATCH = YES;
				COPY_PHASE_STRIP = NO;
				DEBUG_INFORMATION_FORMAT = dwarf;
				ENABLE_STRICT_OBJC_MSGSEND = YES;
				ENABLE_TESTABILITY = YES;
				ENABLE_USER_SCRIPT_SANDBOXING = YES;
				GCC_C_LANGUAGE_STANDARD = gnu17;
				GCC_DYNAMIC_NO_PIC = NO;
				GCC_NO_COMMON_BLOCKS = YES;
				GCC_OPTIMIZATION_LEVEL = 0;
				GCC_PREPROCESSOR_DEFINITIONS = (
					"DEBUG=1",
					"$(inherited)",
				);
				GCC_WARN_64_TO_32_BIT_CONVERSION = YES;
				GCC_WARN_ABOUT_RETURN_TYPE = YES_ERROR;
				GCC_WARN_UNDECLARED_SELECTOR = YES;
				GCC_WARN_UNINITIALIZED_AUTOS = YES_AGGRESSIVE;
				GCC_WARN_UNUSED_FUNCTION = YES;
				GCC_WARN_UNUSED_VARIABLE = YES;
				LOCALIZATION_PREFERS_STRING_CATALOGS = YES;
				MTL_ENABLE_DEBUG_INFO = INCLUDE_SOURCE;
				MTL_FAST_MATH = YES;
				ONLY_ACTIVE_ARCH = YES;
				SWIFT_ACTIVE_COMPILATION_CONDITIONS = "DEBUG $(inherited)";
				SWIFT_OPTIMIZATION_LEVEL = "-Onone";
			};
			name = Debug;
		};
		68DDAA4730758F730000EFD7 /* Release */ = {
			isa = XCBuildConfiguration;
			buildSettings = {
				ALWAYS_SEARCH_USER_PATHS = NO;
				ASSETCATALOG_COMPILER_GENERATE_SWIFT_ASSET_SYMBOL_EXTENSIONS = YES;
				CLANG_ANALYZER_NONNULL = YES;
				CLANG_ANALYZER_NUMBER_OBJECT_CONVERSION = YES_AGGRESSIVE;
				CLANG_CXX_LANGUAGE_STANDARD = "gnu++20";
				CLANG_ENABLE_MODULES = YES;
				CLANG_ENABLE_OBJC_ARC = YES;
				CLANG_ENABLE_OBJC_WEAK = YES;
				CLANG_WARN_BLOCK_CAPTURE_AUTORELEASING = YES;
				CLANG_WARN_BOOL_CONVERSION = YES;
				CLANG_WARN_COMMA = YES;
				CLANG_WARN_CONSTANT_CONVERSION = YES;
				CLANG_WARN_DEPRECATED_OBJC_IMPLEMENTATIONS = YES;
				CLANG_WARN_DIRECT_OBJC_ISA_USAGE = YES_ERROR;
				CLANG_WARN_DOCUMENTATION_COMMENTS = YES;
				CLANG_WARN_EMPTY_BODY = YES;
				CLANG_WARN_ENUM_CONVERSION = YES;
				CLANG_WARN_INFINITE_RECURSION = YES;
				CLANG_WARN_INT_CONVERSION = YES;
				CLANG_WARN_NON_LITERAL_NULL_CONVERSION = YES;
				CLANG_WARN_OBJC_IMPLICIT_RETAIN_SELF = YES;
				CLANG_WARN_OBJC_LITERAL_CONVERSION = YES;
				CLANG_WARN_OBJC_ROOT_CLASS = YES_ERROR;
				CLANG_WARN_QUOTED_INCLUDE_IN_FRAMEWORK_HEADER = YES;
				CLANG_WARN_RANGE_LOOP_ANALYSIS = YES;
				CLANG_WARN_STRICT_PROTOTYPES = YES;
				CLANG_WARN_SUSPICIOUS_MOVE = YES;
				CLANG_WARN_UNGUARDED_AVAILABILITY = YES_AGGRESSIVE;
				CLANG_WARN_UNREACHABLE_CODE = YES;
				CLANG_WARN__DUPLICATE_METHOD_MATCH = YES;
				COPY_PHASE_STRIP = NO;
				DEBUG_INFORMATION_FORMAT = "dwarf-with-dsym";
				ENABLE_NS_ASSERTIONS = NO;
				ENABLE_STRICT_OBJC_MSGSEND = YES;
				ENABLE_USER_SCRIPT_SANDBOXING = YES;
				GCC_C_LANGUAGE_STANDARD = gnu17;
				GCC_NO_COMMON_BLOCKS = YES;
				GCC_WARN_64_TO_32_BIT_CONVERSION = YES;
				GCC_WARN_ABOUT_RETURN_TYPE = YES_ERROR;
				GCC_WARN_UNDECLARED_SELECTOR = YES;
				GCC_WARN_UNINITIALIZED_AUTOS = YES_AGGRESSIVE;
				GCC_WARN_UNUSED_FUNCTION = YES;
				GCC_WARN_UNUSED_VARIABLE = YES;
				LOCALIZATION_PREFERS_STRING_CATALOGS = YES;
				MTL_ENABLE_DEBUG_INFO = NO;
				MTL_FAST_MATH = YES;
				SWIFT_COMPILATION_MODE = wholemodule;
			};
			name = Release;
		};
		68DDAA4930758F730000EFD7 /* Debug */ = {
			isa = XCBuildConfiguration;
			buildSettings = {
				CODE_SIGN_STYLE = Automatic;
				CURRENT_PROJECT_VERSION = 1;
				GENERATE_INFOPLIST_FILE = YES;
				INFOPLIST_FILE = "iOS (Extension)/Info.plist";
				INFOPLIST_KEY_CFBundleDisplayName = "Resource Timer for OGame Extension";
				INFOPLIST_KEY_NSHumanReadableCopyright = "";
				IPHONEOS_DEPLOYMENT_TARGET = 15.0;
				LD_RUNPATH_SEARCH_PATHS = (
					"$(inherited)",
					"@executable_path/Frameworks",
					"@executable_path/../../Frameworks",
				);
				MARKETING_VERSION = 1.0;
				OTHER_LDFLAGS = (
					"-framework",
					SafariServices,
				);
				PRODUCT_BUNDLE_IDENTIFIER = com.kote.resourcetimer.Extension;
				PRODUCT_NAME = "Resource Timer for OGame Extension";
				SDKROOT = iphoneos;
				SKIP_INSTALL = YES;
				STRING_CATALOG_GENERATE_SYMBOLS = YES;
				SWIFT_APPROACHABLE_CONCURRENCY = YES;
				SWIFT_EMIT_LOC_STRINGS = YES;
				SWIFT_UPCOMING_FEATURE_MEMBER_IMPORT_VISIBILITY = YES;
				SWIFT_VERSION = 5.0;
				TARGETED_DEVICE_FAMILY = "1,2";
			};
			name = Debug;
		};
		68DDAA4A30758F730000EFD7 /* Release */ = {
			isa = XCBuildConfiguration;
			buildSettings = {
				CODE_SIGN_STYLE = Automatic;
				CURRENT_PROJECT_VERSION = 1;
				GENERATE_INFOPLIST_FILE = YES;
				INFOPLIST_FILE = "iOS (Extension)/Info.plist";
				INFOPLIST_KEY_CFBundleDisplayName = "Resource Timer for OGame Extension";
				INFOPLIST_KEY_NSHumanReadableCopyright = "";
				IPHONEOS_DEPLOYMENT_TARGET = 15.0;
				LD_RUNPATH_SEARCH_PATHS = (
					"$(inherited)",
					"@executable_path/Frameworks",
					"@executable_path/../../Frameworks",
				);
				MARKETING_VERSION = 1.0;
				OTHER_LDFLAGS = (
					"-framework",
					SafariServices,
				);
				PRODUCT_BUNDLE_IDENTIFIER = com.kote.resourcetimer.Extension;
				PRODUCT_NAME = "Resource Timer for OGame Extension";
				SDKROOT = iphoneos;
				SKIP_INSTALL = YES;
				STRING_CATALOG_GENERATE_SYMBOLS = YES;
				SWIFT_APPROACHABLE_CONCURRENCY = YES;
				SWIFT_EMIT_LOC_STRINGS = YES;
				SWIFT_UPCOMING_FEATURE_MEMBER_IMPORT_VISIBILITY = YES;
				SWIFT_VERSION = 5.0;
				TARGETED_DEVICE_FAMILY = "1,2";
				VALIDATE_PRODUCT = YES;
			};
			name = Release;
		};
		68DDAA4D30758F730000EFD7 /* Debug */ = {
			isa = XCBuildConfiguration;
			buildSettings = {
				ASSETCATALOG_COMPILER_APPICON_NAME = AppIcon;
				ASSETCATALOG_COMPILER_GLOBAL_ACCENT_COLOR_NAME = AccentColor;
				CODE_SIGN_STYLE = Automatic;
				CURRENT_PROJECT_VERSION = 1;
				GENERATE_INFOPLIST_FILE = YES;
				INFOPLIST_FILE = "iOS (App)/Info.plist";
				INFOPLIST_KEY_CFBundleDisplayName = "Resource Timer for OGame";
				INFOPLIST_KEY_UIApplicationSupportsIndirectInputEvents = YES;
				INFOPLIST_KEY_UILaunchStoryboardName = LaunchScreen;
				INFOPLIST_KEY_UIMainStoryboardFile = Main;
				INFOPLIST_KEY_UISupportedInterfaceOrientations = "UIInterfaceOrientationPortrait UIInterfaceOrientationLandscapeLeft UIInterfaceOrientationLandscapeRight";
				INFOPLIST_KEY_UISupportedInterfaceOrientations_iPad = "UIInterfaceOrientationPortrait UIInterfaceOrientationPortraitUpsideDown UIInterfaceOrientationLandscapeLeft UIInterfaceOrientationLandscapeRight";
				IPHONEOS_DEPLOYMENT_TARGET = 15.0;
				LD_RUNPATH_SEARCH_PATHS = (
					"$(inherited)",
					"@executable_path/Frameworks",
				);
				MARKETING_VERSION = 1.0;
				OTHER_LDFLAGS = (
					"-framework",
					SafariServices,
					"-framework",
					WebKit,
				);
				PRODUCT_BUNDLE_IDENTIFIER = com.kote.resourcetimer;
				PRODUCT_NAME = "Resource Timer for OGame";
				SDKROOT = iphoneos;
				STRING_CATALOG_GENERATE_SYMBOLS = YES;
				SWIFT_APPROACHABLE_CONCURRENCY = YES;
				SWIFT_DEFAULT_ACTOR_ISOLATION = MainActor;
				SWIFT_EMIT_LOC_STRINGS = YES;
				SWIFT_UPCOMING_FEATURE_MEMBER_IMPORT_VISIBILITY = YES;
				SWIFT_VERSION = 5.0;
				TARGETED_DEVICE_FAMILY = "1,2";
			};
			name = Debug;
		};
		68DDAA4E30758F730000EFD7 /* Release */ = {
			isa = XCBuildConfiguration;
			buildSettings = {
				ASSETCATALOG_COMPILER_APPICON_NAME = AppIcon;
				ASSETCATALOG_COMPILER_GLOBAL_ACCENT_COLOR_NAME = AccentColor;
				CODE_SIGN_STYLE = Automatic;
				CURRENT_PROJECT_VERSION = 1;
				GENERATE_INFOPLIST_FILE = YES;
				INFOPLIST_FILE = "iOS (App)/Info.plist";
				INFOPLIST_KEY_CFBundleDisplayName = "Resource Timer for OGame";
				INFOPLIST_KEY_UIApplicationSupportsIndirectInputEvents = YES;
				INFOPLIST_KEY_UILaunchStoryboardName = LaunchScreen;
				INFOPLIST_KEY_UIMainStoryboardFile = Main;
				INFOPLIST_KEY_UISupportedInterfaceOrientations = "UIInterfaceOrientationPortrait UIInterfaceOrientationLandscapeLeft UIInterfaceOrientationLandscapeRight";
				INFOPLIST_KEY_UISupportedInterfaceOrientations_iPad = "UIInterfaceOrientationPortrait UIInterfaceOrientationPortraitUpsideDown UIInterfaceOrientationLandscapeLeft UIInterfaceOrientationLandscapeRight";
				IPHONEOS_DEPLOYMENT_TARGET = 15.0;
				LD_RUNPATH_SEARCH_PATHS = (
					"$(inherited)",
					"@executable_path/Frameworks",
				);
				MARKETING_VERSION = 1.0;
				OTHER_LDFLAGS = (
					"-framework",
					SafariServices,
					"-framework",
					WebKit,
				);
				PRODUCT_BUNDLE_IDENTIFIER = com.kote.resourcetimer;
				PRODUCT_NAME = "Resource Timer for OGame";
				SDKROOT = iphoneos;
				STRING_CATALOG_GENERATE_SYMBOLS = YES;
				SWIFT_APPROACHABLE_CONCURRENCY = YES;
				SWIFT_DEFAULT_ACTOR_ISOLATION = MainActor;
				SWIFT_EMIT_LOC_STRINGS = YES;
				SWIFT_UPCOMING_FEATURE_MEMBER_IMPORT_VISIBILITY = YES;
				SWIFT_VERSION = 5.0;
				TARGETED_DEVICE_FAMILY = "1,2";
				VALIDATE_PRODUCT = YES;
			};
			name = Release;
		};
		68DDAA5030758F730000EFD7 /* Debug */ = {
			isa = XCBuildConfiguration;
			buildSettings = {
				CODE_SIGN_STYLE = Automatic;
				CURRENT_PROJECT_VERSION = 1;
				ENABLE_APP_SANDBOX = YES;
				ENABLE_HARDENED_RUNTIME = YES;
				ENABLE_USER_SELECTED_FILES = readonly;
				GENERATE_INFOPLIST_FILE = YES;
				INFOPLIST_FILE = "macOS (Extension)/Info.plist";
				INFOPLIST_KEY_CFBundleDisplayName = "Resource Timer for OGame Extension";
				INFOPLIST_KEY_NSHumanReadableCopyright = "";
				LD_RUNPATH_SEARCH_PATHS = (
					"$(inherited)",
					"@executable_path/../Frameworks",
					"@executable_path/../../../../Frameworks",
				);
				MACOSX_DEPLOYMENT_TARGET = 10.14;
				MARKETING_VERSION = 1.0;
				OTHER_LDFLAGS = (
					"-framework",
					SafariServices,
				);
				PRODUCT_BUNDLE_IDENTIFIER = com.kote.resourcetimer.Extension;
				PRODUCT_NAME = "Resource Timer for OGame Extension";
				SDKROOT = macosx;
				SKIP_INSTALL = YES;
				STRING_CATALOG_GENERATE_SYMBOLS = YES;
				SWIFT_APPROACHABLE_CONCURRENCY = YES;
				SWIFT_EMIT_LOC_STRINGS = YES;
				SWIFT_UPCOMING_FEATURE_MEMBER_IMPORT_VISIBILITY = YES;
				SWIFT_VERSION = 5.0;
			};
			name = Debug;
		};
		68DDAA5130758F730000EFD7 /* Release */ = {
			isa = XCBuildConfiguration;
			buildSettings = {
				CODE_SIGN_STYLE = Automatic;
				CURRENT_PROJECT_VERSION = 1;
				ENABLE_APP_SANDBOX = YES;
				ENABLE_HARDENED_RUNTIME = YES;
				ENABLE_USER_SELECTED_FILES = readonly;
				GENERATE_INFOPLIST_FILE = YES;
				INFOPLIST_FILE = "macOS (Extension)/Info.plist";
				INFOPLIST_KEY_CFBundleDisplayName = "Resource Timer for OGame Extension";
				INFOPLIST_KEY_NSHumanReadableCopyright = "";
				LD_RUNPATH_SEARCH_PATHS = (
					"$(inherited)",
					"@executable_path/../Frameworks",
					"@executable_path/../../../../Frameworks",
				);
				MACOSX_DEPLOYMENT_TARGET = 10.14;
				MARKETING_VERSION = 1.0;
				OTHER_LDFLAGS = (
					"-framework",
					SafariServices,
				);
				PRODUCT_BUNDLE_IDENTIFIER = com.kote.resourcetimer.Extension;
				PRODUCT_NAME = "Resource Timer for OGame Extension";
				SDKROOT = macosx;
				SKIP_INSTALL = YES;
				STRING_CATALOG_GENERATE_SYMBOLS = YES;
				SWIFT_APPROACHABLE_CONCURRENCY = YES;
				SWIFT_EMIT_LOC_STRINGS = YES;
				SWIFT_UPCOMING_FEATURE_MEMBER_IMPORT_VISIBILITY = YES;
				SWIFT_VERSION = 5.0;
			};
			name = Release;
		};
		68DDAA5430758F730000EFD7 /* Debug */ = {
			isa = XCBuildConfiguration;
			buildSettings = {
				ASSETCATALOG_COMPILER_APPICON_NAME = AppIcon;
				ASSETCATALOG_COMPILER_GLOBAL_ACCENT_COLOR_NAME = AccentColor;
				CODE_SIGN_STYLE = Automatic;
				CURRENT_PROJECT_VERSION = 1;
				ENABLE_APP_SANDBOX = YES;
				ENABLE_HARDENED_RUNTIME = YES;
				ENABLE_OUTGOING_NETWORK_CONNECTIONS = YES;
				ENABLE_USER_SELECTED_FILES = readonly;
				GENERATE_INFOPLIST_FILE = YES;
				INFOPLIST_FILE = "macOS (App)/Info.plist";
				INFOPLIST_KEY_CFBundleDisplayName = "Resource Timer for OGame";
				INFOPLIST_KEY_NSMainStoryboardFile = Main;
				INFOPLIST_KEY_NSPrincipalClass = NSApplication;
				LD_RUNPATH_SEARCH_PATHS = (
					"$(inherited)",
					"@executable_path/../Frameworks",
				);
				MACOSX_DEPLOYMENT_TARGET = 10.14;
				MARKETING_VERSION = 1.0;
				OTHER_LDFLAGS = (
					"-framework",
					SafariServices,
					"-framework",
					WebKit,
				);
				PRODUCT_BUNDLE_IDENTIFIER = com.kote.resourcetimer;
				PRODUCT_NAME = "Resource Timer for OGame";
				REGISTER_APP_GROUPS = YES;
				SDKROOT = macosx;
				STRING_CATALOG_GENERATE_SYMBOLS = YES;
				SWIFT_APPROACHABLE_CONCURRENCY = YES;
				SWIFT_DEFAULT_ACTOR_ISOLATION = MainActor;
				SWIFT_EMIT_LOC_STRINGS = YES;
				SWIFT_UPCOMING_FEATURE_MEMBER_IMPORT_VISIBILITY = YES;
				SWIFT_VERSION = 5.0;
			};
			name = Debug;
		};
		68DDAA5530758F730000EFD7 /* Release */ = {
			isa = XCBuildConfiguration;
			buildSettings = {
				ASSETCATALOG_COMPILER_APPICON_NAME = AppIcon;
				ASSETCATALOG_COMPILER_GLOBAL_ACCENT_COLOR_NAME = AccentColor;
				CODE_SIGN_STYLE = Automatic;
				CURRENT_PROJECT_VERSION = 1;
				ENABLE_APP_SANDBOX = YES;
				ENABLE_HARDENED_RUNTIME = YES;
				ENABLE_OUTGOING_NETWORK_CONNECTIONS = YES;
				ENABLE_USER_SELECTED_FILES = readonly;
				GENERATE_INFOPLIST_FILE = YES;
				INFOPLIST_FILE = "macOS (App)/Info.plist";
				INFOPLIST_KEY_CFBundleDisplayName = "Resource Timer for OGame";
				INFOPLIST_KEY_NSMainStoryboardFile = Main;
				INFOPLIST_KEY_NSPrincipalClass = NSApplication;
				LD_RUNPATH_SEARCH_PATHS = (
					"$(inherited)",
					"@executable_path/../Frameworks",
				);
				MACOSX_DEPLOYMENT_TARGET = 10.14;
				MARKETING_VERSION = 1.0;
				OTHER_LDFLAGS = (
					"-framework",
					SafariServices,
					"-framework",
					WebKit,
				);
				PRODUCT_BUNDLE_IDENTIFIER = com.kote.resourcetimer;
				PRODUCT_NAME = "Resource Timer for OGame";
				REGISTER_APP_GROUPS = YES;
				SDKROOT = macosx;
				STRING_CATALOG_GENERATE_SYMBOLS = YES;
				SWIFT_APPROACHABLE_CONCURRENCY = YES;
				SWIFT_DEFAULT_ACTOR_ISOLATION = MainActor;
				SWIFT_EMIT_LOC_STRINGS = YES;
				SWIFT_UPCOMING_FEATURE_MEMBER_IMPORT_VISIBILITY = YES;
				SWIFT_VERSION = 5.0;
			};
			name = Release;
		};
/* End XCBuildConfiguration section */

/* Begin XCConfigurationList section */
		68DDA9FA30758F730000EFD7 /* Build configuration list for PBXProject "Resource Timer for OGame" */ = {
			isa = XCConfigurationList;
			buildConfigurations = (
				68DDAA4630758F730000EFD7 /* Debug */,
				68DDAA4730758F730000EFD7 /* Release */,
			);
			defaultConfigurationIsVisible = 0;
			defaultConfigurationName = Release;
		};
		68DDAA4830758F730000EFD7 /* Build configuration list for PBXNativeTarget "Resource Timer for OGame Extension (iOS)" */ = {
			isa = XCConfigurationList;
			buildConfigurations = (
				68DDAA4930758F730000EFD7 /* Debug */,
				68DDAA4A30758F730000EFD7 /* Release */,
			);
			defaultConfigurationIsVisible = 0;
			defaultConfigurationName = Release;
		};
		68DDAA4C30758F730000EFD7 /* Build configuration list for PBXNativeTarget "Resource Timer for OGame (iOS)" */ = {
			isa = XCConfigurationList;
			buildConfigurations = (
				68DDAA4D30758F730000EFD7 /* Debug */,
				68DDAA4E30758F730000EFD7 /* Release */,
			);
			defaultConfigurationIsVisible = 0;
			defaultConfigurationName = Release;
		};
		68DDAA4F30758F730000EFD7 /* Build configuration list for PBXNativeTarget "Resource Timer for OGame Extension (macOS)" */ = {
			isa = XCConfigurationList;
			buildConfigurations = (
				68DDAA5030758F730000EFD7 /* Debug */,
				68DDAA5130758F730000EFD7 /* Release */,
			);
			defaultConfigurationIsVisible = 0;
			defaultConfigurationName = Release;
		};
		68DDAA5330758F730000EFD7 /* Build configuration list for PBXNativeTarget "Resource Timer for OGame (macOS)" */ = {
			isa = XCConfigurationList;
			buildConfigurations = (
				68DDAA5430758F730000EFD7 /* Debug */,
				68DDAA5530758F730000EFD7 /* Release */,
			);
			defaultConfigurationIsVisible = 0;
			defaultConfigurationName = Release;
		};
/* End XCConfigurationList section */
	};
	rootObject = 68DDA9F730758F730000EFD7 /* Project object */;
}
