// !$*UTF8*$!
{
	archiveVersion = 1;
	classes = {
	};
	objectVersion = 77;
	objects = {

/* Begin PBXBuildFile section */
		68AF4FD130759AE500F74186 /* AppDelegate.swift in Sources */ = {isa = PBXBuildFile; fileRef = 68AF4FD030759AE500F74186 /* AppDelegate.swift */; };
		68AF4FD330759AE500F74186 /* SceneDelegate.swift in Sources */ = {isa = PBXBuildFile; fileRef = 68AF4FD230759AE500F74186 /* SceneDelegate.swift */; };
		68AF4FD630759AE500F74186 /* LaunchScreen.storyboard in Resources */ = {isa = PBXBuildFile; fileRef = 68AF4FD430759AE500F74186 /* LaunchScreen.storyboard */; };
		68AF4FD930759AE500F74186 /* Main.storyboard in Resources */ = {isa = PBXBuildFile; fileRef = 68AF4FD730759AE500F74186 /* Main.storyboard */; };
		68AF4FE230759AE500F74186 /* AppDelegate.swift in Sources */ = {isa = PBXBuildFile; fileRef = 68AF4FE130759AE500F74186 /* AppDelegate.swift */; };
		68AF4FE530759AE500F74186 /* Main.storyboard in Resources */ = {isa = PBXBuildFile; fileRef = 68AF4FE330759AE500F74186 /* Main.storyboard */; };
		68AF4FEC30759AE500F74186 /* Resource Timer for OGame Extension.appex in Embed Foundation Extensions */ = {isa = PBXBuildFile; fileRef = 68AF4FEB30759AE500F74186 /* Resource Timer for OGame Extension.appex */; settings = {ATTRIBUTES = (RemoveHeadersOnCopy, ); }; };
		68AF4FF630759AE500F74186 /* Resource Timer for OGame Extension.appex in Embed Foundation Extensions */ = {isa = PBXBuildFile; fileRef = 68AF4FF530759AE500F74186 /* Resource Timer for OGame Extension.appex */; settings = {ATTRIBUTES = (RemoveHeadersOnCopy, ); }; };
		68AF4FFB30759AE500F74186 /* Main.html in Resources */ = {isa = PBXBuildFile; fileRef = 68AF4FC030759AE400F74186 /* Main.html */; };
		68AF4FFC30759AE500F74186 /* Main.html in Resources */ = {isa = PBXBuildFile; fileRef = 68AF4FC030759AE400F74186 /* Main.html */; };
		68AF4FFD30759AE500F74186 /* Icon.png in Resources */ = {isa = PBXBuildFile; fileRef = 68AF4FC230759AE400F74186 /* Icon.png */; };
		68AF4FFE30759AE500F74186 /* Icon.png in Resources */ = {isa = PBXBuildFile; fileRef = 68AF4FC230759AE400F74186 /* Icon.png */; };
		68AF4FFF30759AE500F74186 /* Style.css in Resources */ = {isa = PBXBuildFile; fileRef = 68AF4FC330759AE400F74186 /* Style.css */; };
		68AF500030759AE500F74186 /* Style.css in Resources */ = {isa = PBXBuildFile; fileRef = 68AF4FC330759AE400F74186 /* Style.css */; };
		68AF500130759AE500F74186 /* Script.js in Resources */ = {isa = PBXBuildFile; fileRef = 68AF4FC430759AE400F74186 /* Script.js */; };
		68AF500230759AE500F74186 /* Script.js in Resources */ = {isa = PBXBuildFile; fileRef = 68AF4FC430759AE400F74186 /* Script.js */; };
		68AF500330759AE500F74186 /* ViewController.swift in Sources */ = {isa = PBXBuildFile; fileRef = 68AF4FC530759AE400F74186 /* ViewController.swift */; };
		68AF500430759AE500F74186 /* ViewController.swift in Sources */ = {isa = PBXBuildFile; fileRef = 68AF4FC530759AE400F74186 /* ViewController.swift */; };
		68AF500530759AE500F74186 /* Assets.xcassets in Resources */ = {isa = PBXBuildFile; fileRef = 68AF4FC630759AE500F74186 /* Assets.xcassets */; };
		68AF500630759AE500F74186 /* Assets.xcassets in Resources */ = {isa = PBXBuildFile; fileRef = 68AF4FC630759AE500F74186 /* Assets.xcassets */; };
		68AF500730759AE500F74186 /* SafariWebExtensionHandler.swift in Sources */ = {isa = PBXBuildFile; fileRef = 68AF4FC830759AE500F74186 /* SafariWebExtensionHandler.swift */; };
		68AF500830759AE500F74186 /* SafariWebExtensionHandler.swift in Sources */ = {isa = PBXBuildFile; fileRef = 68AF4FC830759AE500F74186 /* SafariWebExtensionHandler.swift */; };
		68AF502A30759AE600F74186 /* popup.js in Resources */ = {isa = PBXBuildFile; fileRef = 68AF501A30759AE600F74186 /* popup.js */; };
		68AF502B30759AE600F74186 /* styles.css in Resources */ = {isa = PBXBuildFile; fileRef = 68AF501B30759AE600F74186 /* styles.css */; };
		68AF502C30759AE600F74186 /* background.js in Resources */ = {isa = PBXBuildFile; fileRef = 68AF501C30759AE600F74186 /* background.js */; };
		68AF502D30759AE600F74186 /* support.html in Resources */ = {isa = PBXBuildFile; fileRef = 68AF501D30759AE600F74186 /* support.html */; };
		68AF502E30759AE600F74186 /* popup.html in Resources */ = {isa = PBXBuildFile; fileRef = 68AF501E30759AE600F74186 /* popup.html */; };
		68AF502F30759AE600F74186 /* config.js in Resources */ = {isa = PBXBuildFile; fileRef = 68AF501F30759AE600F74186 /* config.js */; };
		68AF503030759AE600F74186 /* support.js in Resources */ = {isa = PBXBuildFile; fileRef = 68AF502030759AE600F74186 /* support.js */; };
		68AF503130759AE600F74186 /* ui-strings.js in Resources */ = {isa = PBXBuildFile; fileRef = 68AF502130759AE600F74186 /* ui-strings.js */; };
		68AF503230759AE600F74186 /* welcome.js in Resources */ = {isa = PBXBuildFile; fileRef = 68AF502230759AE600F74186 /* welcome.js */; };
		68AF503330759AE600F74186 /* icons in Resources */ = {isa = PBXBuildFile; fileRef = 68AF502330759AE600F74186 /* icons */; };
		68AF503430759AE600F74186 /* welcome.html in Resources */ = {isa = PBXBuildFile; fileRef = 68AF502430759AE600F74186 /* welcome.html */; };
		68AF503530759AE600F74186 /* manifest.json in Resources */ = {isa = PBXBuildFile; fileRef = 68AF502530759AE600F74186 /* manifest.json */; };
		68AF503630759AE600F74186 /* pages.css in Resources */ = {isa = PBXBuildFile; fileRef = 68AF502630759AE600F74186 /* pages.css */; };
		68AF503730759AE600F74186 /* inject.js in Resources */ = {isa = PBXBuildFile; fileRef = 68AF502730759AE600F74186 /* inject.js */; };
		68AF503830759AE600F74186 /* content.js in Resources */ = {isa = PBXBuildFile; fileRef = 68AF502830759AE600F74186 /* content.js */; };
		68AF503930759AE600F74186 /* i18n.js in Resources */ = {isa = PBXBuildFile; fileRef = 68AF502930759AE600F74186 /* i18n.js */; };
		68AF503A30759AE600F74186 /* popup.js in Resources */ = {isa = PBXBuildFile; fileRef = 68AF501A30759AE600F74186 /* popup.js */; };
		68AF503B30759AE600F74186 /* styles.css in Resources */ = {isa = PBXBuildFile; fileRef = 68AF501B30759AE600F74186 /* styles.css */; };
		68AF503C30759AE600F74186 /* background.js in Resources */ = {isa = PBXBuildFile; fileRef = 68AF501C30759AE600F74186 /* background.js */; };
		68AF503D30759AE600F74186 /* support.html in Resources */ = {isa = PBXBuildFile; fileRef = 68AF501D30759AE600F74186 /* support.html */; };
		68AF503E30759AE600F74186 /* popup.html in Resources */ = {isa = PBXBuildFile; fileRef = 68AF501E30759AE600F74186 /* popup.html */; };
		68AF503F30759AE600F74186 /* config.js in Resources */ = {isa = PBXBuildFile; fileRef = 68AF501F30759AE600F74186 /* config.js */; };
		68AF504030759AE600F74186 /* support.js in Resources */ = {isa = PBXBuildFile; fileRef = 68AF502030759AE600F74186 /* support.js */; };
		68AF504130759AE600F74186 /* ui-strings.js in Resources */ = {isa = PBXBuildFile; fileRef = 68AF502130759AE600F74186 /* ui-strings.js */; };
		68AF504230759AE600F74186 /* welcome.js in Resources */ = {isa = PBXBuildFile; fileRef = 68AF502230759AE600F74186 /* welcome.js */; };
		68AF504330759AE600F74186 /* icons in Resources */ = {isa = PBXBuildFile; fileRef = 68AF502330759AE600F74186 /* icons */; };
		68AF504430759AE600F74186 /* welcome.html in Resources */ = {isa = PBXBuildFile; fileRef = 68AF502430759AE600F74186 /* welcome.html */; };
		68AF504530759AE600F74186 /* manifest.json in Resources */ = {isa = PBXBuildFile; fileRef = 68AF502530759AE600F74186 /* manifest.json */; };
		68AF504630759AE600F74186 /* pages.css in Resources */ = {isa = PBXBuildFile; fileRef = 68AF502630759AE600F74186 /* pages.css */; };
		68AF504730759AE600F74186 /* inject.js in Resources */ = {isa = PBXBuildFile; fileRef = 68AF502730759AE600F74186 /* inject.js */; };
		68AF504830759AE600F74186 /* content.js in Resources */ = {isa = PBXBuildFile; fileRef = 68AF502830759AE600F74186 /* content.js */; };
		68AF504930759AE600F74186 /* i18n.js in Resources */ = {isa = PBXBuildFile; fileRef = 68AF502930759AE600F74186 /* i18n.js */; };
/* End PBXBuildFile section */

/* Begin PBXContainerItemProxy section */
		68AF4FED30759AE500F74186 /* PBXContainerItemProxy */ = {
			isa = PBXContainerItemProxy;
			containerPortal = 68AF4FBA30759AE400F74186 /* Project object */;
			proxyType = 1;
			remoteGlobalIDString = 68AF4FEA30759AE500F74186;
			remoteInfo = "Resource Timer for OGame Extension (iOS)";
		};
		68AF4FF730759AE500F74186 /* PBXContainerItemProxy */ = {
			isa = PBXContainerItemProxy;
			containerPortal = 68AF4FBA30759AE400F74186 /* Project object */;
			proxyType = 1;
			remoteGlobalIDString = 68AF4FF430759AE500F74186;
			remoteInfo = "Resource Timer for OGame Extension (macOS)";
		};
/* End PBXContainerItemProxy section */

/* Begin PBXCopyFilesBuildPhase section */
		68AF500E30759AE500F74186 /* Embed Foundation Extensions */ = {
			isa = PBXCopyFilesBuildPhase;
			buildActionMask = 2147483647;
			dstPath = "";
			dstSubfolderSpec = 13;
			files = (
				68AF4FEC30759AE500F74186 /* Resource Timer for OGame Extension.appex in Embed Foundation Extensions */,
			);
			name = "Embed Foundation Extensions";
			runOnlyForDeploymentPostprocessing = 0;
		};
		68AF501530759AE500F74186 /* Embed Foundation Extensions */ = {
			isa = PBXCopyFilesBuildPhase;
			buildActionMask = 2147483647;
			dstPath = "";
			dstSubfolderSpec = 13;
			files = (
				68AF4FF630759AE500F74186 /* Resource Timer for OGame Extension.appex in Embed Foundation Extensions */,
			);
			name = "Embed Foundation Extensions";
			runOnlyForDeploymentPostprocessing = 0;
		};
/* End PBXCopyFilesBuildPhase section */

/* Begin PBXFileReference section */
		68AF4FC130759AE400F74186 /* Base */ = {isa = PBXFileReference; lastKnownFileType = text.html; name = Base; path = Base.lproj/Main.html; sourceTree = "<group>"; };
		68AF4FC230759AE400F74186 /* Icon.png */ = {isa = PBXFileReference; lastKnownFileType = image.png; path = Icon.png; sourceTree = "<group>"; };
		68AF4FC330759AE400F74186 /* Style.css */ = {isa = PBXFileReference; lastKnownFileType = text.css; path = Style.css; sourceTree = "<group>"; };
		68AF4FC430759AE400F74186 /* Script.js */ = {isa = PBXFileReference; lastKnownFileType = sourcecode.javascript; path = Script.js; sourceTree = "<group>"; };
		68AF4FC530759AE400F74186 /* ViewController.swift */ = {isa = PBXFileReference; lastKnownFileType = sourcecode.swift; path = ViewController.swift; sourceTree = "<group>"; };
		68AF4FC630759AE500F74186 /* Assets.xcassets */ = {isa = PBXFileReference; lastKnownFileType = folder.assetcatalog; path = Assets.xcassets; sourceTree = "<group>"; };
		68AF4FC830759AE500F74186 /* SafariWebExtensionHandler.swift */ = {isa = PBXFileReference; lastKnownFileType = sourcecode.swift; path = SafariWebExtensionHandler.swift; sourceTree = "<group>"; };
		68AF4FCD30759AE500F74186 /* Resource Timer for OGame.app */ = {isa = PBXFileReference; explicitFileType = wrapper.application; includeInIndex = 0; path = "Resource Timer for OGame.app"; sourceTree = BUILT_PRODUCTS_DIR; };
		68AF4FD030759AE500F74186 /* AppDelegate.swift */ = {isa = PBXFileReference; lastKnownFileType = sourcecode.swift; path = AppDelegate.swift; sourceTree = "<group>"; };
		68AF4FD230759AE500F74186 /* SceneDelegate.swift */ = {isa = PBXFileReference; lastKnownFileType = sourcecode.swift; path = SceneDelegate.swift; sourceTree = "<group>"; };
		68AF4FD530759AE500F74186 /* Base */ = {isa = PBXFileReference; lastKnownFileType = file.storyboard; name = Base; path = Base.lproj/LaunchScreen.storyboard; sourceTree = "<group>"; };
		68AF4FD830759AE500F74186 /* Base */ = {isa = PBXFileReference; lastKnownFileType = file.storyboard; name = Base; path = Base.lproj/Main.storyboard; sourceTree = "<group>"; };
		68AF4FDA30759AE500F74186 /* Info.plist */ = {isa = PBXFileReference; lastKnownFileType = text.plist.xml; path = Info.plist; sourceTree = "<group>"; };
		68AF4FDF30759AE500F74186 /* Resource Timer for OGame.app */ = {isa = PBXFileReference; explicitFileType = wrapper.application; includeInIndex = 0; path = "Resource Timer for OGame.app"; sourceTree = BUILT_PRODUCTS_DIR; };
		68AF4FE130759AE500F74186 /* AppDelegate.swift */ = {isa = PBXFileReference; lastKnownFileType = sourcecode.swift; path = AppDelegate.swift; sourceTree = "<group>"; };
		68AF4FE430759AE500F74186 /* Base */ = {isa = PBXFileReference; lastKnownFileType = file.storyboard; name = Base; path = Base.lproj/Main.storyboard; sourceTree = "<group>"; };
		68AF4FE630759AE500F74186 /* Info.plist */ = {isa = PBXFileReference; lastKnownFileType = text.plist.xml; path = Info.plist; sourceTree = "<group>"; };
		68AF4FEB30759AE500F74186 /* Resource Timer for OGame Extension.appex */ = {isa = PBXFileReference; explicitFileType = "wrapper.app-extension"; includeInIndex = 0; path = "Resource Timer for OGame Extension.appex"; sourceTree = BUILT_PRODUCTS_DIR; };
		68AF4FF030759AE500F74186 /* Info.plist */ = {isa = PBXFileReference; lastKnownFileType = text.plist.xml; path = Info.plist; sourceTree = "<group>"; };
		68AF4FF530759AE500F74186 /* Resource Timer for OGame Extension.appex */ = {isa = PBXFileReference; explicitFileType = "wrapper.app-extension"; includeInIndex = 0; path = "Resource Timer for OGame Extension.appex"; sourceTree = BUILT_PRODUCTS_DIR; };
		68AF4FFA30759AE500F74186 /* Info.plist */ = {isa = PBXFileReference; lastKnownFileType = text.plist.xml; path = Info.plist; sourceTree = "<group>"; };
		68AF501A30759AE600F74186 /* popup.js */ = {isa = PBXFileReference; lastKnownFileType = sourcecode.javascript; name = popup.js; path = ../../../extension/popup.js; sourceTree = "<group>"; };
		68AF501B30759AE600F74186 /* styles.css */ = {isa = PBXFileReference; lastKnownFileType = text.css; name = styles.css; path = ../../../extension/styles.css; sourceTree = "<group>"; };
		68AF501C30759AE600F74186 /* background.js */ = {isa = PBXFileReference; lastKnownFileType = sourcecode.javascript; name = background.js; path = ../../../extension/background.js; sourceTree = "<group>"; };
		68AF501D30759AE600F74186 /* support.html */ = {isa = PBXFileReference; lastKnownFileType = text.html; name = support.html; path = ../../../extension/support.html; sourceTree = "<group>"; };
		68AF501E30759AE600F74186 /* popup.html */ = {isa = PBXFileReference; lastKnownFileType = text.html; name = popup.html; path = ../../../extension/popup.html; sourceTree = "<group>"; };
		68AF501F30759AE600F74186 /* config.js */ = {isa = PBXFileReference; lastKnownFileType = sourcecode.javascript; name = config.js; path = ../../../extension/config.js; sourceTree = "<group>"; };
		68AF502030759AE600F74186 /* support.js */ = {isa = PBXFileReference; lastKnownFileType = sourcecode.javascript; name = support.js; path = ../../../extension/support.js; sourceTree = "<group>"; };
		68AF502130759AE600F74186 /* ui-strings.js */ = {isa = PBXFileReference; lastKnownFileType = sourcecode.javascript; name = "ui-strings.js"; path = "../../../extension/ui-strings.js"; sourceTree = "<group>"; };
		68AF502230759AE600F74186 /* welcome.js */ = {isa = PBXFileReference; lastKnownFileType = sourcecode.javascript; name = welcome.js; path = ../../../extension/welcome.js; sourceTree = "<group>"; };
		68AF502330759AE600F74186 /* icons */ = {isa = PBXFileReference; lastKnownFileType = folder; name = icons; path = ../../../extension/icons; sourceTree = "<group>"; };
		68AF502430759AE600F74186 /* welcome.html */ = {isa = PBXFileReference; lastKnownFileType = text.html; name = welcome.html; path = ../../../extension/welcome.html; sourceTree = "<group>"; };
		68AF502530759AE600F74186 /* manifest.json */ = {isa = PBXFileReference; lastKnownFileType = text.json; name = manifest.json; path = ../../../extension/manifest.json; sourceTree = "<group>"; };
		68AF502630759AE600F74186 /* pages.css */ = {isa = PBXFileReference; lastKnownFileType = text.css; name = pages.css; path = ../../../extension/pages.css; sourceTree = "<group>"; };
		68AF502730759AE600F74186 /* inject.js */ = {isa = PBXFileReference; lastKnownFileType = sourcecode.javascript; name = inject.js; path = ../../../extension/inject.js; sourceTree = "<group>"; };
		68AF502830759AE600F74186 /* content.js */ = {isa = PBXFileReference; lastKnownFileType = sourcecode.javascript; name = content.js; path = ../../../extension/content.js; sourceTree = "<group>"; };
		68AF502930759AE600F74186 /* i18n.js */ = {isa = PBXFileReference; lastKnownFileType = sourcecode.javascript; name = i18n.js; path = ../../../extension/i18n.js; sourceTree = "<group>"; };
/* End PBXFileReference section */

/* Begin PBXFrameworksBuildPhase section */
		68AF4FCA30759AE500F74186 /* Frameworks */ = {
			isa = PBXFrameworksBuildPhase;
			buildActionMask = 2147483647;
			files = (
			);
			runOnlyForDeploymentPostprocessing = 0;
		};
		68AF4FDC30759AE500F74186 /* Frameworks */ = {
			isa = PBXFrameworksBuildPhase;
			buildActionMask = 2147483647;
			files = (
			);
			runOnlyForDeploymentPostprocessing = 0;
		};
		68AF4FE830759AE500F74186 /* Frameworks */ = {
			isa = PBXFrameworksBuildPhase;
			buildActionMask = 2147483647;
			files = (
			);
			runOnlyForDeploymentPostprocessing = 0;
		};
		68AF4FF230759AE500F74186 /* Frameworks */ = {
			isa = PBXFrameworksBuildPhase;
			buildActionMask = 2147483647;
			files = (
			);
			runOnlyForDeploymentPostprocessing = 0;
		};
/* End PBXFrameworksBuildPhase section */

/* Begin PBXGroup section */
		68AF4FB930759AE400F74186 = {
			isa = PBXGroup;
			children = (
				68AF4FBE30759AE400F74186 /* Shared (App) */,
				68AF4FC730759AE500F74186 /* Shared (Extension) */,
				68AF4FCF30759AE500F74186 /* iOS (App) */,
				68AF4FE030759AE500F74186 /* macOS (App) */,
				68AF4FEF30759AE500F74186 /* iOS (Extension) */,
				68AF4FF930759AE500F74186 /* macOS (Extension) */,
				68AF4FCE30759AE500F74186 /* Products */,
			);
			sourceTree = "<group>";
		};
		68AF4FBE30759AE400F74186 /* Shared (App) */ = {
			isa = PBXGroup;
			children = (
				68AF4FC530759AE400F74186 /* ViewController.swift */,
				68AF4FC630759AE500F74186 /* Assets.xcassets */,
				68AF4FBF30759AE400F74186 /* Resources */,
			);
			path = "Shared (App)";
			sourceTree = "<group>";
		};
		68AF4FBF30759AE400F74186 /* Resources */ = {
			isa = PBXGroup;
			children = (
				68AF4FC030759AE400F74186 /* Main.html */,
				68AF4FC230759AE400F74186 /* Icon.png */,
				68AF4FC330759AE400F74186 /* Style.css */,
				68AF4FC430759AE400F74186 /* Script.js */,
			);
			path = Resources;
			sourceTree = "<group>";
		};
		68AF4FC730759AE500F74186 /* Shared (Extension) */ = {
			isa = PBXGroup;
			children = (
				68AF501930759AE600F74186 /* Resources */,
				68AF4FC830759AE500F74186 /* SafariWebExtensionHandler.swift */,
			);
			path = "Shared (Extension)";
			sourceTree = "<group>";
		};
		68AF4FCE30759AE500F74186 /* Products */ = {
			isa = PBXGroup;
			children = (
				68AF4FCD30759AE500F74186 /* Resource Timer for OGame.app */,
				68AF4FDF30759AE500F74186 /* Resource Timer for OGame.app */,
				68AF4FEB30759AE500F74186 /* Resource Timer for OGame Extension.appex */,
				68AF4FF530759AE500F74186 /* Resource Timer for OGame Extension.appex */,
			);
			name = Products;
			sourceTree = "<group>";
		};
		68AF4FCF30759AE500F74186 /* iOS (App) */ = {
			isa = PBXGroup;
			children = (
				68AF4FD030759AE500F74186 /* AppDelegate.swift */,
				68AF4FD230759AE500F74186 /* SceneDelegate.swift */,
				68AF4FD430759AE500F74186 /* LaunchScreen.storyboard */,
				68AF4FD730759AE500F74186 /* Main.storyboard */,
				68AF4FDA30759AE500F74186 /* Info.plist */,
			);
			path = "iOS (App)";
			sourceTree = "<group>";
		};
		68AF4FE030759AE500F74186 /* macOS (App) */ = {
			isa = PBXGroup;
			children = (
				68AF4FE130759AE500F74186 /* AppDelegate.swift */,
				68AF4FE330759AE500F74186 /* Main.storyboard */,
				68AF4FE630759AE500F74186 /* Info.plist */,
			);
			path = "macOS (App)";
			sourceTree = "<group>";
		};
		68AF4FEF30759AE500F74186 /* iOS (Extension) */ = {
			isa = PBXGroup;
			children = (
				68AF4FF030759AE500F74186 /* Info.plist */,
			);
			path = "iOS (Extension)";
			sourceTree = "<group>";
		};
		68AF4FF930759AE500F74186 /* macOS (Extension) */ = {
			isa = PBXGroup;
			children = (
				68AF4FFA30759AE500F74186 /* Info.plist */,
			);
			path = "macOS (Extension)";
			sourceTree = "<group>";
		};
		68AF501930759AE600F74186 /* Resources */ = {
			isa = PBXGroup;
			children = (
				68AF501A30759AE600F74186 /* popup.js */,
				68AF501B30759AE600F74186 /* styles.css */,
				68AF501C30759AE600F74186 /* background.js */,
				68AF501D30759AE600F74186 /* support.html */,
				68AF501E30759AE600F74186 /* popup.html */,
				68AF501F30759AE600F74186 /* config.js */,
				68AF502030759AE600F74186 /* support.js */,
				68AF502130759AE600F74186 /* ui-strings.js */,
				68AF502230759AE600F74186 /* welcome.js */,
				68AF502330759AE600F74186 /* icons */,
				68AF502430759AE600F74186 /* welcome.html */,
				68AF502530759AE600F74186 /* manifest.json */,
				68AF502630759AE600F74186 /* pages.css */,
				68AF502730759AE600F74186 /* inject.js */,
				68AF502830759AE600F74186 /* content.js */,
				68AF502930759AE600F74186 /* i18n.js */,
			);
			name = Resources;
			path = "Shared (Extension)";
			sourceTree = SOURCE_ROOT;
		};
/* End PBXGroup section */

/* Begin PBXNativeTarget section */
		68AF4FCC30759AE500F74186 /* Resource Timer for OGame (iOS) */ = {
			isa = PBXNativeTarget;
			buildConfigurationList = 68AF500F30759AE500F74186 /* Build configuration list for PBXNativeTarget "Resource Timer for OGame (iOS)" */;
			buildPhases = (
				68AF4FC930759AE500F74186 /* Sources */,
				68AF4FCA30759AE500F74186 /* Frameworks */,
				68AF4FCB30759AE500F74186 /* Resources */,
				68AF500E30759AE500F74186 /* Embed Foundation Extensions */,
			);
			buildRules = (
			);
			dependencies = (
				68AF4FEE30759AE500F74186 /* PBXTargetDependency */,
			);
			name = "Resource Timer for OGame (iOS)";
			packageProductDependencies = (
			);
			productName = "Resource Timer for OGame (iOS)";
			productReference = 68AF4FCD30759AE500F74186 /* Resource Timer for OGame.app */;
			productType = "com.apple.product-type.application";
		};
		68AF4FDE30759AE500F74186 /* Resource Timer for OGame (macOS) */ = {
			isa = PBXNativeTarget;
			buildConfigurationList = 68AF501630759AE500F74186 /* Build configuration list for PBXNativeTarget "Resource Timer for OGame (macOS)" */;
			buildPhases = (
				68AF4FDB30759AE500F74186 /* Sources */,
				68AF4FDC30759AE500F74186 /* Frameworks */,
				68AF4FDD30759AE500F74186 /* Resources */,
				68AF501530759AE500F74186 /* Embed Foundation Extensions */,
			);
			buildRules = (
			);
			dependencies = (
				68AF4FF830759AE500F74186 /* PBXTargetDependency */,
			);
			name = "Resource Timer for OGame (macOS)";
			packageProductDependencies = (
			);
			productName = "Resource Timer for OGame (macOS)";
			productReference = 68AF4FDF30759AE500F74186 /* Resource Timer for OGame.app */;
			productType = "com.apple.product-type.application";
		};
		68AF4FEA30759AE500F74186 /* Resource Timer for OGame Extension (iOS) */ = {
			isa = PBXNativeTarget;
			buildConfigurationList = 68AF500B30759AE500F74186 /* Build configuration list for PBXNativeTarget "Resource Timer for OGame Extension (iOS)" */;
			buildPhases = (
				68AF4FE730759AE500F74186 /* Sources */,
				68AF4FE830759AE500F74186 /* Frameworks */,
				68AF4FE930759AE500F74186 /* Resources */,
			);
			buildRules = (
			);
			dependencies = (
			);
			name = "Resource Timer for OGame Extension (iOS)";
			packageProductDependencies = (
			);
			productName = "Resource Timer for OGame Extension (iOS)";
			productReference = 68AF4FEB30759AE500F74186 /* Resource Timer for OGame Extension.appex */;
			productType = "com.apple.product-type.app-extension";
		};
		68AF4FF430759AE500F74186 /* Resource Timer for OGame Extension (macOS) */ = {
			isa = PBXNativeTarget;
			buildConfigurationList = 68AF501230759AE500F74186 /* Build configuration list for PBXNativeTarget "Resource Timer for OGame Extension (macOS)" */;
			buildPhases = (
				68AF4FF130759AE500F74186 /* Sources */,
				68AF4FF230759AE500F74186 /* Frameworks */,
				68AF4FF330759AE500F74186 /* Resources */,
			);
			buildRules = (
			);
			dependencies = (
			);
			name = "Resource Timer for OGame Extension (macOS)";
			packageProductDependencies = (
			);
			productName = "Resource Timer for OGame Extension (macOS)";
			productReference = 68AF4FF530759AE500F74186 /* Resource Timer for OGame Extension.appex */;
			productType = "com.apple.product-type.app-extension";
		};
/* End PBXNativeTarget section */

/* Begin PBXProject section */
		68AF4FBA30759AE400F74186 /* Project object */ = {
			isa = PBXProject;
			attributes = {
				BuildIndependentTargetsInParallel = 1;
				LastSwiftUpdateCheck = 2610;
				LastUpgradeCheck = 2610;
				TargetAttributes = {
					68AF4FCC30759AE500F74186 = {
						CreatedOnToolsVersion = 26.1.1;
					};
					68AF4FDE30759AE500F74186 = {
						CreatedOnToolsVersion = 26.1.1;
					};
					68AF4FEA30759AE500F74186 = {
						CreatedOnToolsVersion = 26.1.1;
					};
					68AF4FF430759AE500F74186 = {
						CreatedOnToolsVersion = 26.1.1;
					};
				};
			};
			buildConfigurationList = 68AF4FBD30759AE400F74186 /* Build configuration list for PBXProject "Resource Timer for OGame" */;
			developmentRegion = en;
			hasScannedForEncodings = 0;
			knownRegions = (
				en,
				Base,
			);
			mainGroup = 68AF4FB930759AE400F74186;
			minimizedProjectReferenceProxies = 1;
			preferredProjectObjectVersion = 77;
			productRefGroup = 68AF4FCE30759AE500F74186 /* Products */;
			projectDirPath = "";
			projectRoot = "";
			targets = (
				68AF4FCC30759AE500F74186 /* Resource Timer for OGame (iOS) */,
				68AF4FDE30759AE500F74186 /* Resource Timer for OGame (macOS) */,
				68AF4FEA30759AE500F74186 /* Resource Timer for OGame Extension (iOS) */,
				68AF4FF430759AE500F74186 /* Resource Timer for OGame Extension (macOS) */,
			);
		};
/* End PBXProject section */

/* Begin PBXResourcesBuildPhase section */
		68AF4FCB30759AE500F74186 /* Resources */ = {
			isa = PBXResourcesBuildPhase;
			buildActionMask = 2147483647;
			files = (
				68AF4FFD30759AE500F74186 /* Icon.png in Resources */,
				68AF4FD630759AE500F74186 /* LaunchScreen.storyboard in Resources */,
				68AF4FFB30759AE500F74186 /* Main.html in Resources */,
				68AF500130759AE500F74186 /* Script.js in Resources */,
				68AF500530759AE500F74186 /* Assets.xcassets in Resources */,
				68AF4FD930759AE500F74186 /* Main.storyboard in Resources */,
				68AF4FFF30759AE500F74186 /* Style.css in Resources */,
			);
			runOnlyForDeploymentPostprocessing = 0;
		};
		68AF4FDD30759AE500F74186 /* Resources */ = {
			isa = PBXResourcesBuildPhase;
			buildActionMask = 2147483647;
			files = (
				68AF4FFE30759AE500F74186 /* Icon.png in Resources */,
				68AF500030759AE500F74186 /* Style.css in Resources */,
				68AF4FE530759AE500F74186 /* Main.storyboard in Resources */,
				68AF500230759AE500F74186 /* Script.js in Resources */,
				68AF500630759AE500F74186 /* Assets.xcassets in Resources */,
				68AF4FFC30759AE500F74186 /* Main.html in Resources */,
			);
			runOnlyForDeploymentPostprocessing = 0;
		};
		68AF4FE930759AE500F74186 /* Resources */ = {
			isa = PBXResourcesBuildPhase;
			buildActionMask = 2147483647;
			files = (
				68AF504030759AE600F74186 /* support.js in Resources */,
				68AF503F30759AE600F74186 /* config.js in Resources */,
				68AF504930759AE600F74186 /* i18n.js in Resources */,
				68AF503D30759AE600F74186 /* support.html in Resources */,
				68AF504730759AE600F74186 /* inject.js in Resources */,
				68AF504330759AE600F74186 /* icons in Resources */,
				68AF504530759AE600F74186 /* manifest.json in Resources */,
				68AF504430759AE600F74186 /* welcome.html in Resources */,
				68AF503E30759AE600F74186 /* popup.html in Resources */,
				68AF503A30759AE600F74186 /* popup.js in Resources */,
				68AF504830759AE600F74186 /* content.js in Resources */,
				68AF504130759AE600F74186 /* ui-strings.js in Resources */,
				68AF504630759AE600F74186 /* pages.css in Resources */,
				68AF503C30759AE600F74186 /* background.js in Resources */,
				68AF504230759AE600F74186 /* welcome.js in Resources */,
				68AF503B30759AE600F74186 /* styles.css in Resources */,
			);
			runOnlyForDeploymentPostprocessing = 0;
		};
		68AF4FF330759AE500F74186 /* Resources */ = {
			isa = PBXResourcesBuildPhase;
			buildActionMask = 2147483647;
			files = (
				68AF503030759AE600F74186 /* support.js in Resources */,
				68AF502F30759AE600F74186 /* config.js in Resources */,
				68AF503930759AE600F74186 /* i18n.js in Resources */,
				68AF502D30759AE600F74186 /* support.html in Resources */,
				68AF503730759AE600F74186 /* inject.js in Resources */,
				68AF503330759AE600F74186 /* icons in Resources */,
				68AF503530759AE600F74186 /* manifest.json in Resources */,
				68AF503430759AE600F74186 /* welcome.html in Resources */,
				68AF502E30759AE600F74186 /* popup.html in Resources */,
				68AF502A30759AE600F74186 /* popup.js in Resources */,
				68AF503830759AE600F74186 /* content.js in Resources */,
				68AF503130759AE600F74186 /* ui-strings.js in Resources */,
				68AF503630759AE600F74186 /* pages.css in Resources */,
				68AF502C30759AE600F74186 /* background.js in Resources */,
				68AF503230759AE600F74186 /* welcome.js in Resources */,
				68AF502B30759AE600F74186 /* styles.css in Resources */,
			);
			runOnlyForDeploymentPostprocessing = 0;
		};
/* End PBXResourcesBuildPhase section */

/* Begin PBXSourcesBuildPhase section */
		68AF4FC930759AE500F74186 /* Sources */ = {
			isa = PBXSourcesBuildPhase;
			buildActionMask = 2147483647;
			files = (
				68AF500330759AE500F74186 /* ViewController.swift in Sources */,
				68AF4FD130759AE500F74186 /* AppDelegate.swift in Sources */,
				68AF4FD330759AE500F74186 /* SceneDelegate.swift in Sources */,
			);
			runOnlyForDeploymentPostprocessing = 0;
		};
		68AF4FDB30759AE500F74186 /* Sources */ = {
			isa = PBXSourcesBuildPhase;
			buildActionMask = 2147483647;
			files = (
				68AF500430759AE500F74186 /* ViewController.swift in Sources */,
				68AF4FE230759AE500F74186 /* AppDelegate.swift in Sources */,
			);
			runOnlyForDeploymentPostprocessing = 0;
		};
		68AF4FE730759AE500F74186 /* Sources */ = {
			isa = PBXSourcesBuildPhase;
			buildActionMask = 2147483647;
			files = (
				68AF500730759AE500F74186 /* SafariWebExtensionHandler.swift in Sources */,
			);
			runOnlyForDeploymentPostprocessing = 0;
		};
		68AF4FF130759AE500F74186 /* Sources */ = {
			isa = PBXSourcesBuildPhase;
			buildActionMask = 2147483647;
			files = (
				68AF500830759AE500F74186 /* SafariWebExtensionHandler.swift in Sources */,
			);
			runOnlyForDeploymentPostprocessing = 0;
		};
/* End PBXSourcesBuildPhase section */

/* Begin PBXTargetDependency section */
		68AF4FEE30759AE500F74186 /* PBXTargetDependency */ = {
			isa = PBXTargetDependency;
			target = 68AF4FEA30759AE500F74186 /* Resource Timer for OGame Extension (iOS) */;
			targetProxy = 68AF4FED30759AE500F74186 /* PBXContainerItemProxy */;
		};
		68AF4FF830759AE500F74186 /* PBXTargetDependency */ = {
			isa = PBXTargetDependency;
			target = 68AF4FF430759AE500F74186 /* Resource Timer for OGame Extension (macOS) */;
			targetProxy = 68AF4FF730759AE500F74186 /* PBXContainerItemProxy */;
		};
/* End PBXTargetDependency section */

/* Begin PBXVariantGroup section */
		68AF4FC030759AE400F74186 /* Main.html */ = {
			isa = PBXVariantGroup;
			children = (
				68AF4FC130759AE400F74186 /* Base */,
			);
			name = Main.html;
			sourceTree = "<group>";
		};
		68AF4FD430759AE500F74186 /* LaunchScreen.storyboard */ = {
			isa = PBXVariantGroup;
			children = (
				68AF4FD530759AE500F74186 /* Base */,
			);
			name = LaunchScreen.storyboard;
			sourceTree = "<group>";
		};
		68AF4FD730759AE500F74186 /* Main.storyboard */ = {
			isa = PBXVariantGroup;
			children = (
				68AF4FD830759AE500F74186 /* Base */,
			);
			name = Main.storyboard;
			sourceTree = "<group>";
		};
		68AF4FE330759AE500F74186 /* Main.storyboard */ = {
			isa = PBXVariantGroup;
			children = (
				68AF4FE430759AE500F74186 /* Base */,
			);
			name = Main.storyboard;
			sourceTree = "<group>";
		};
/* End PBXVariantGroup section */

/* Begin XCBuildConfiguration section */
		68AF500930759AE500F74186 /* Debug */ = {
			isa = XCBuildConfiguration;
			buildSettings = {
				ALWAYS_SEARCH_USER_PATHS = NO;
				ASSETCATALOG_COMPILER_GENERATE_SWIFT_ASSET_SYMBOL_EXTENSIONS = YES;
				CLANG_ANALYZER_NONNULL = YES;
				CLANG_ANALYZER_NUMBER_OBJECT_CONVERSION = YES_AGGRESSIVE;
				CLANG_CXX_LANGUAGE_STANDARD = "gnu++20";
				CLANG_ENABLE_MODULES = YES;
				CLANG_ENABLE_OBJC_ARC = YES;
				CLANG_ENABLE_OBJC_WEAK = YES;
				CLANG_WARN_BLOCK_CAPTURE_AUTORELEASING = YES;
				CLANG_WARN_BOOL_CONVERSION = YES;
				CLANG_WARN_COMMA = YES;
				CLANG_WARN_CONSTANT_CONVERSION = YES;
				CLANG_WARN_DEPRECATED_OBJC_IMPLEMENTATIONS = YES;
				CLANG_WARN_DIRECT_OBJC_ISA_USAGE = YES_ERROR;
				CLANG_WARN_DOCUMENTATION_COMMENTS = YES;
				CLANG_WARN_EMPTY_BODY = YES;
				CLANG_WARN_ENUM_CONVERSION = YES;
				CLANG_WARN_INFINITE_RECURSION = YES;
				CLANG_WARN_INT_CONVERSION = YES;
				CLANG_WARN_NON_LITERAL_NULL_CONVERSION = YES;
				CLANG_WARN_OBJC_IMPLICIT_RETAIN_SELF = YES;
				CLANG_WARN_OBJC_LITERAL_CONVERSION = YES;
				CLANG_WARN_OBJC_ROOT_CLASS = YES_ERROR;
				CLANG_WARN_QUOTED_INCLUDE_IN_FRAMEWORK_HEADER = YES;
				CLANG_WARN_RANGE_LOOP_ANALYSIS = YES;
				CLANG_WARN_STRICT_PROTOTYPES = YES;
				CLANG_WARN_SUSPICIOUS_MOVE = YES;
				CLANG_WARN_UNGUARDED_AVAILABILITY = YES_AGGRESSIVE;
				CLANG_WARN_UNREACHABLE_CODE = YES;
				CLANG_WARN__DUPLICATE_METHOD_MATCH = YES;
				COPY_PHASE_STRIP = NO;
				DEBUG_INFORMATION_FORMAT = dwarf;
				ENABLE_STRICT_OBJC_MSGSEND = YES;
				ENABLE_TESTABILITY = YES;
				ENABLE_USER_SCRIPT_SANDBOXING = YES;
				GCC_C_LANGUAGE_STANDARD = gnu17;
				GCC_DYNAMIC_NO_PIC = NO;
				GCC_NO_COMMON_BLOCKS = YES;
				GCC_OPTIMIZATION_LEVEL = 0;
				GCC_PREPROCESSOR_DEFINITIONS = (
					"DEBUG=1",
					"$(inherited)",
				);
				GCC_WARN_64_TO_32_BIT_CONVERSION = YES;
				GCC_WARN_ABOUT_RETURN_TYPE = YES_ERROR;
				GCC_WARN_UNDECLARED_SELECTOR = YES;
				GCC_WARN_UNINITIALIZED_AUTOS = YES_AGGRESSIVE;
				GCC_WARN_UNUSED_FUNCTION = YES;
				GCC_WARN_UNUSED_VARIABLE = YES;
				LOCALIZATION_PREFERS_STRING_CATALOGS = YES;
				MTL_ENABLE_DEBUG_INFO = INCLUDE_SOURCE;
				MTL_FAST_MATH = YES;
				ONLY_ACTIVE_ARCH = YES;
				SWIFT_ACTIVE_COMPILATION_CONDITIONS = "DEBUG $(inherited)";
				SWIFT_OPTIMIZATION_LEVEL = "-Onone";
			};
			name = Debug;
		};
		68AF500A30759AE500F74186 /* Release */ = {
			isa = XCBuildConfiguration;
			buildSettings = {
				ALWAYS_SEARCH_USER_PATHS = NO;
				ASSETCATALOG_COMPILER_GENERATE_SWIFT_ASSET_SYMBOL_EXTENSIONS = YES;
				CLANG_ANALYZER_NONNULL = YES;
				CLANG_ANALYZER_NUMBER_OBJECT_CONVERSION = YES_AGGRESSIVE;
				CLANG_CXX_LANGUAGE_STANDARD = "gnu++20";
				CLANG_ENABLE_MODULES = YES;
				CLANG_ENABLE_OBJC_ARC = YES;
				CLANG_ENABLE_OBJC_WEAK = YES;
				CLANG_WARN_BLOCK_CAPTURE_AUTORELEASING = YES;
				CLANG_WARN_BOOL_CONVERSION = YES;
				CLANG_WARN_COMMA = YES;
				CLANG_WARN_CONSTANT_CONVERSION = YES;
				CLANG_WARN_DEPRECATED_OBJC_IMPLEMENTATIONS = YES;
				CLANG_WARN_DIRECT_OBJC_ISA_USAGE = YES_ERROR;
				CLANG_WARN_DOCUMENTATION_COMMENTS = YES;
				CLANG_WARN_EMPTY_BODY = YES;
				CLANG_WARN_ENUM_CONVERSION = YES;
				CLANG_WARN_INFINITE_RECURSION = YES;
				CLANG_WARN_INT_CONVERSION = YES;
				CLANG_WARN_NON_LITERAL_NULL_CONVERSION = YES;
				CLANG_WARN_OBJC_IMPLICIT_RETAIN_SELF = YES;
				CLANG_WARN_OBJC_LITERAL_CONVERSION = YES;
				CLANG_WARN_OBJC_ROOT_CLASS = YES_ERROR;
				CLANG_WARN_QUOTED_INCLUDE_IN_FRAMEWORK_HEADER = YES;
				CLANG_WARN_RANGE_LOOP_ANALYSIS = YES;
				CLANG_WARN_STRICT_PROTOTYPES = YES;
				CLANG_WARN_SUSPICIOUS_MOVE = YES;
				CLANG_WARN_UNGUARDED_AVAILABILITY = YES_AGGRESSIVE;
				CLANG_WARN_UNREACHABLE_CODE = YES;
				CLANG_WARN__DUPLICATE_METHOD_MATCH = YES;
				COPY_PHASE_STRIP = NO;
				DEBUG_INFORMATION_FORMAT = "dwarf-with-dsym";
				ENABLE_NS_ASSERTIONS = NO;
				ENABLE_STRICT_OBJC_MSGSEND = YES;
				ENABLE_USER_SCRIPT_SANDBOXING = YES;
				GCC_C_LANGUAGE_STANDARD = gnu17;
				GCC_NO_COMMON_BLOCKS = YES;
				GCC_WARN_64_TO_32_BIT_CONVERSION = YES;
				GCC_WARN_ABOUT_RETURN_TYPE = YES_ERROR;
				GCC_WARN_UNDECLARED_SELECTOR = YES;
				GCC_WARN_UNINITIALIZED_AUTOS = YES_AGGRESSIVE;
				GCC_WARN_UNUSED_FUNCTION = YES;
				GCC_WARN_UNUSED_VARIABLE = YES;
				LOCALIZATION_PREFERS_STRING_CATALOGS = YES;
				MTL_ENABLE_DEBUG_INFO = NO;
				MTL_FAST_MATH = YES;
				SWIFT_COMPILATION_MODE = wholemodule;
			};
			name = Release;
		};
		68AF500C30759AE500F74186 /* Debug */ = {
			isa = XCBuildConfiguration;
			buildSettings = {
				CODE_SIGN_STYLE = Automatic;
				CURRENT_PROJECT_VERSION = 1;
				GENERATE_INFOPLIST_FILE = YES;
				INFOPLIST_FILE = "iOS (Extension)/Info.plist";
				INFOPLIST_KEY_CFBundleDisplayName = "Resource Timer for OGame Extension";
				INFOPLIST_KEY_NSHumanReadableCopyright = "";
				IPHONEOS_DEPLOYMENT_TARGET = 15.0;
				LD_RUNPATH_SEARCH_PATHS = (
					"$(inherited)",
					"@executable_path/Frameworks",
					"@executable_path/../../Frameworks",
				);
				MARKETING_VERSION = 1.0;
				OTHER_LDFLAGS = (
					"-framework",
					SafariServices,
				);
				PRODUCT_BUNDLE_IDENTIFIER = com.kote.resourcetimer.Extension;
				PRODUCT_NAME = "Resource Timer for OGame Extension";
				SDKROOT = iphoneos;
				SKIP_INSTALL = YES;
				STRING_CATALOG_GENERATE_SYMBOLS = YES;
				SWIFT_APPROACHABLE_CONCURRENCY = YES;
				SWIFT_EMIT_LOC_STRINGS = YES;
				SWIFT_UPCOMING_FEATURE_MEMBER_IMPORT_VISIBILITY = YES;
				SWIFT_VERSION = 5.0;
				TARGETED_DEVICE_FAMILY = "1,2";
			};
			name = Debug;
		};
		68AF500D30759AE500F74186 /* Release */ = {
			isa = XCBuildConfiguration;
			buildSettings = {
				CODE_SIGN_STYLE = Automatic;
				CURRENT_PROJECT_VERSION = 1;
				GENERATE_INFOPLIST_FILE = YES;
				INFOPLIST_FILE = "iOS (Extension)/Info.plist";
				INFOPLIST_KEY_CFBundleDisplayName = "Resource Timer for OGame Extension";
				INFOPLIST_KEY_NSHumanReadableCopyright = "";
				IPHONEOS_DEPLOYMENT_TARGET = 15.0;
				LD_RUNPATH_SEARCH_PATHS = (
					"$(inherited)",
					"@executable_path/Frameworks",
					"@executable_path/../../Frameworks",
				);
				MARKETING_VERSION = 1.0;
				OTHER_LDFLAGS = (
					"-framework",
					SafariServices,
				);
				PRODUCT_BUNDLE_IDENTIFIER = com.kote.resourcetimer.Extension;
				PRODUCT_NAME = "Resource Timer for OGame Extension";
				SDKROOT = iphoneos;
				SKIP_INSTALL = YES;
				STRING_CATALOG_GENERATE_SYMBOLS = YES;
				SWIFT_APPROACHABLE_CONCURRENCY = YES;
				SWIFT_EMIT_LOC_STRINGS = YES;
				SWIFT_UPCOMING_FEATURE_MEMBER_IMPORT_VISIBILITY = YES;
				SWIFT_VERSION = 5.0;
				TARGETED_DEVICE_FAMILY = "1,2";
				VALIDATE_PRODUCT = YES;
			};
			name = Release;
		};
		68AF501030759AE500F74186 /* Debug */ = {
			isa = XCBuildConfiguration;
			buildSettings = {
				ASSETCATALOG_COMPILER_APPICON_NAME = AppIcon;
				ASSETCATALOG_COMPILER_GLOBAL_ACCENT_COLOR_NAME = AccentColor;
				CODE_SIGN_STYLE = Automatic;
				CURRENT_PROJECT_VERSION = 1;
				GENERATE_INFOPLIST_FILE = YES;
				INFOPLIST_FILE = "iOS (App)/Info.plist";
				INFOPLIST_KEY_CFBundleDisplayName = "Resource Timer for OGame";
				INFOPLIST_KEY_UIApplicationSupportsIndirectInputEvents = YES;
				INFOPLIST_KEY_UILaunchStoryboardName = LaunchScreen;
				INFOPLIST_KEY_UIMainStoryboardFile = Main;
				INFOPLIST_KEY_UISupportedInterfaceOrientations = "UIInterfaceOrientationPortrait UIInterfaceOrientationLandscapeLeft UIInterfaceOrientationLandscapeRight";
				INFOPLIST_KEY_UISupportedInterfaceOrientations_iPad = "UIInterfaceOrientationPortrait UIInterfaceOrientationPortraitUpsideDown UIInterfaceOrientationLandscapeLeft UIInterfaceOrientationLandscapeRight";
				IPHONEOS_DEPLOYMENT_TARGET = 15.0;
				LD_RUNPATH_SEARCH_PATHS = (
					"$(inherited)",
					"@executable_path/Frameworks",
				);
				MARKETING_VERSION = 1.0;
				OTHER_LDFLAGS = (
					"-framework",
					SafariServices,
					"-framework",
					WebKit,
				);
				PRODUCT_BUNDLE_IDENTIFIER = com.kote.resourcetimer;
				PRODUCT_NAME = "Resource Timer for OGame";
				SDKROOT = iphoneos;
				STRING_CATALOG_GENERATE_SYMBOLS = YES;
				SWIFT_APPROACHABLE_CONCURRENCY = YES;
				SWIFT_DEFAULT_ACTOR_ISOLATION = MainActor;
				SWIFT_EMIT_LOC_STRINGS = YES;
				SWIFT_UPCOMING_FEATURE_MEMBER_IMPORT_VISIBILITY = YES;
				SWIFT_VERSION = 5.0;
				TARGETED_DEVICE_FAMILY = "1,2";
			};
			name = Debug;
		};
		68AF501130759AE500F74186 /* Release */ = {
			isa = XCBuildConfiguration;
			buildSettings = {
				ASSETCATALOG_COMPILER_APPICON_NAME = AppIcon;
				ASSETCATALOG_COMPILER_GLOBAL_ACCENT_COLOR_NAME = AccentColor;
				CODE_SIGN_STYLE = Automatic;
				CURRENT_PROJECT_VERSION = 1;
				GENERATE_INFOPLIST_FILE = YES;
				INFOPLIST_FILE = "iOS (App)/Info.plist";
				INFOPLIST_KEY_CFBundleDisplayName = "Resource Timer for OGame";
				INFOPLIST_KEY_UIApplicationSupportsIndirectInputEvents = YES;
				INFOPLIST_KEY_UILaunchStoryboardName = LaunchScreen;
				INFOPLIST_KEY_UIMainStoryboardFile = Main;
				INFOPLIST_KEY_UISupportedInterfaceOrientations = "UIInterfaceOrientationPortrait UIInterfaceOrientationLandscapeLeft UIInterfaceOrientationLandscapeRight";
				INFOPLIST_KEY_UISupportedInterfaceOrientations_iPad = "UIInterfaceOrientationPortrait UIInterfaceOrientationPortraitUpsideDown UIInterfaceOrientationLandscapeLeft UIInterfaceOrientationLandscapeRight";
				IPHONEOS_DEPLOYMENT_TARGET = 15.0;
				LD_RUNPATH_SEARCH_PATHS = (
					"$(inherited)",
					"@executable_path/Frameworks",
				);
				MARKETING_VERSION = 1.0;
				OTHER_LDFLAGS = (
					"-framework",
					SafariServices,
					"-framework",
					WebKit,
				);
				PRODUCT_BUNDLE_IDENTIFIER = com.kote.resourcetimer;
				PRODUCT_NAME = "Resource Timer for OGame";
				SDKROOT = iphoneos;
				STRING_CATALOG_GENERATE_SYMBOLS = YES;
				SWIFT_APPROACHABLE_CONCURRENCY = YES;
				SWIFT_DEFAULT_ACTOR_ISOLATION = MainActor;
				SWIFT_EMIT_LOC_STRINGS = YES;
				SWIFT_UPCOMING_FEATURE_MEMBER_IMPORT_VISIBILITY = YES;
				SWIFT_VERSION = 5.0;
				TARGETED_DEVICE_FAMILY = "1,2";
				VALIDATE_PRODUCT = YES;
			};
			name = Release;
		};
		68AF501330759AE500F74186 /* Debug */ = {
			isa = XCBuildConfiguration;
			buildSettings = {
				CODE_SIGN_STYLE = Automatic;
				CURRENT_PROJECT_VERSION = 1;
				ENABLE_APP_SANDBOX = YES;
				ENABLE_HARDENED_RUNTIME = YES;
				ENABLE_USER_SELECTED_FILES = readonly;
				GENERATE_INFOPLIST_FILE = YES;
				INFOPLIST_FILE = "macOS (Extension)/Info.plist";
				INFOPLIST_KEY_CFBundleDisplayName = "Resource Timer for OGame Extension";
				INFOPLIST_KEY_NSHumanReadableCopyright = "";
				LD_RUNPATH_SEARCH_PATHS = (
					"$(inherited)",
					"@executable_path/../Frameworks",
					"@executable_path/../../../../Frameworks",
				);
				MACOSX_DEPLOYMENT_TARGET = 10.14;
				MARKETING_VERSION = 1.0;
				OTHER_LDFLAGS = (
					"-framework",
					SafariServices,
				);
				PRODUCT_BUNDLE_IDENTIFIER = com.kote.resourcetimer.Extension;
				PRODUCT_NAME = "Resource Timer for OGame Extension";
				SDKROOT = macosx;
				SKIP_INSTALL = YES;
				STRING_CATALOG_GENERATE_SYMBOLS = YES;
				SWIFT_APPROACHABLE_CONCURRENCY = YES;
				SWIFT_EMIT_LOC_STRINGS = YES;
				SWIFT_UPCOMING_FEATURE_MEMBER_IMPORT_VISIBILITY = YES;
				SWIFT_VERSION = 5.0;
			};
			name = Debug;
		};
		68AF501430759AE500F74186 /* Release */ = {
			isa = XCBuildConfiguration;
			buildSettings = {
				CODE_SIGN_STYLE = Automatic;
				CURRENT_PROJECT_VERSION = 1;
				ENABLE_APP_SANDBOX = YES;
				ENABLE_HARDENED_RUNTIME = YES;
				ENABLE_USER_SELECTED_FILES = readonly;
				GENERATE_INFOPLIST_FILE = YES;
				INFOPLIST_FILE = "macOS (Extension)/Info.plist";
				INFOPLIST_KEY_CFBundleDisplayName = "Resource Timer for OGame Extension";
				INFOPLIST_KEY_NSHumanReadableCopyright = "";
				LD_RUNPATH_SEARCH_PATHS = (
					"$(inherited)",
					"@executable_path/../Frameworks",
					"@executable_path/../../../../Frameworks",
				);
				MACOSX_DEPLOYMENT_TARGET = 10.14;
				MARKETING_VERSION = 1.0;
				OTHER_LDFLAGS = (
					"-framework",
					SafariServices,
				);
				PRODUCT_BUNDLE_IDENTIFIER = com.kote.resourcetimer.Extension;
				PRODUCT_NAME = "Resource Timer for OGame Extension";
				SDKROOT = macosx;
				SKIP_INSTALL = YES;
				STRING_CATALOG_GENERATE_SYMBOLS = YES;
				SWIFT_APPROACHABLE_CONCURRENCY = YES;
				SWIFT_EMIT_LOC_STRINGS = YES;
				SWIFT_UPCOMING_FEATURE_MEMBER_IMPORT_VISIBILITY = YES;
				SWIFT_VERSION = 5.0;
			};
			name = Release;
		};
		68AF501730759AE500F74186 /* Debug */ = {
			isa = XCBuildConfiguration;
			buildSettings = {
				ASSETCATALOG_COMPILER_APPICON_NAME = AppIcon;
				ASSETCATALOG_COMPILER_GLOBAL_ACCENT_COLOR_NAME = AccentColor;
				CODE_SIGN_STYLE = Automatic;
				CURRENT_PROJECT_VERSION = 1;
				ENABLE_APP_SANDBOX = YES;
				ENABLE_HARDENED_RUNTIME = YES;
				ENABLE_OUTGOING_NETWORK_CONNECTIONS = YES;
				ENABLE_USER_SELECTED_FILES = readonly;
				GENERATE_INFOPLIST_FILE = YES;
				INFOPLIST_FILE = "macOS (App)/Info.plist";
				INFOPLIST_KEY_CFBundleDisplayName = "Resource Timer for OGame";
				INFOPLIST_KEY_NSMainStoryboardFile = Main;
				INFOPLIST_KEY_NSPrincipalClass = NSApplication;
				LD_RUNPATH_SEARCH_PATHS = (
					"$(inherited)",
					"@executable_path/../Frameworks",
				);
				MACOSX_DEPLOYMENT_TARGET = 10.14;
				MARKETING_VERSION = 1.0;
				OTHER_LDFLAGS = (
					"-framework",
					SafariServices,
					"-framework",
					WebKit,
				);
				PRODUCT_BUNDLE_IDENTIFIER = com.kote.resourcetimer;
				PRODUCT_NAME = "Resource Timer for OGame";
				REGISTER_APP_GROUPS = YES;
				SDKROOT = macosx;
				STRING_CATALOG_GENERATE_SYMBOLS = YES;
				SWIFT_APPROACHABLE_CONCURRENCY = YES;
				SWIFT_DEFAULT_ACTOR_ISOLATION = MainActor;
				SWIFT_EMIT_LOC_STRINGS = YES;
				SWIFT_UPCOMING_FEATURE_MEMBER_IMPORT_VISIBILITY = YES;
				SWIFT_VERSION = 5.0;
			};
			name = Debug;
		};
		68AF501830759AE500F74186 /* Release */ = {
			isa = XCBuildConfiguration;
			buildSettings = {
				ASSETCATALOG_COMPILER_APPICON_NAME = AppIcon;
				ASSETCATALOG_COMPILER_GLOBAL_ACCENT_COLOR_NAME = AccentColor;
				CODE_SIGN_STYLE = Automatic;
				CURRENT_PROJECT_VERSION = 1;
				ENABLE_APP_SANDBOX = YES;
				ENABLE_HARDENED_RUNTIME = YES;
				ENABLE_OUTGOING_NETWORK_CONNECTIONS = YES;
				ENABLE_USER_SELECTED_FILES = readonly;
				GENERATE_INFOPLIST_FILE = YES;
				INFOPLIST_FILE = "macOS (App)/Info.plist";
				INFOPLIST_KEY_CFBundleDisplayName = "Resource Timer for OGame";
				INFOPLIST_KEY_NSMainStoryboardFile = Main;
				INFOPLIST_KEY_NSPrincipalClass = NSApplication;
				LD_RUNPATH_SEARCH_PATHS = (
					"$(inherited)",
					"@executable_path/../Frameworks",
				);
				MACOSX_DEPLOYMENT_TARGET = 10.14;
				MARKETING_VERSION = 1.0;
				OTHER_LDFLAGS = (
					"-framework",
					SafariServices,
					"-framework",
					WebKit,
				);
				PRODUCT_BUNDLE_IDENTIFIER = com.kote.resourcetimer;
				PRODUCT_NAME = "Resource Timer for OGame";
				REGISTER_APP_GROUPS = YES;
				SDKROOT = macosx;
				STRING_CATALOG_GENERATE_SYMBOLS = YES;
				SWIFT_APPROACHABLE_CONCURRENCY = YES;
				SWIFT_DEFAULT_ACTOR_ISOLATION = MainActor;
				SWIFT_EMIT_LOC_STRINGS = YES;
				SWIFT_UPCOMING_FEATURE_MEMBER_IMPORT_VISIBILITY = YES;
				SWIFT_VERSION = 5.0;
			};
			name = Release;
		};
/* End XCBuildConfiguration section */

/* Begin XCConfigurationList section */
		68AF4FBD30759AE400F74186 /* Build configuration list for PBXProject "Resource Timer for OGame" */ = {
			isa = XCConfigurationList;
			buildConfigurations = (
				68AF500930759AE500F74186 /* Debug */,
				68AF500A30759AE500F74186 /* Release */,
			);
			defaultConfigurationIsVisible = 0;
			defaultConfigurationName = Release;
		};
		68AF500B30759AE500F74186 /* Build configuration list for PBXNativeTarget "Resource Timer for OGame Extension (iOS)" */ = {
			isa = XCConfigurationList;
			buildConfigurations = (
				68AF500C30759AE500F74186 /* Debug */,
				68AF500D30759AE500F74186 /* Release */,
			);
			defaultConfigurationIsVisible = 0;
			defaultConfigurationName = Release;
		};
		68AF500F30759AE500F74186 /* Build configuration list for PBXNativeTarget "Resource Timer for OGame (iOS)" */ = {
			isa = XCConfigurationList;
			buildConfigurations = (
				68AF501030759AE500F74186 /* Debug */,
				68AF501130759AE500F74186 /* Release */,
			);
			defaultConfigurationIsVisible = 0;
			defaultConfigurationName = Release;
		};
		68AF501230759AE500F74186 /* Build configuration list for PBXNativeTarget "Resource Timer for OGame Extension (macOS)" */ = {
			isa = XCConfigurationList;
			buildConfigurations = (
				68AF501330759AE500F74186 /* Debug */,
				68AF501430759AE500F74186 /* Release */,
			);
			defaultConfigurationIsVisible = 0;
			defaultConfigurationName = Release;
		};
		68AF501630759AE500F74186 /* Build configuration list for PBXNativeTarget "Resource Timer for OGame (macOS)" */ = {
			isa = XCConfigurationList;
			buildConfigurations = (
				68AF501730759AE500F74186 /* Debug */,
				68AF501830759AE500F74186 /* Release */,
			);
			defaultConfigurationIsVisible = 0;
			defaultConfigurationName = Release;
		};
/* End XCConfigurationList section */
	};
	rootObject = 68AF4FBA30759AE400F74186 /* Project object */;
}
