// !$*UTF8*$!
{
	archiveVersion = 1;
	classes = {
	};
	objectVersion = 77;
	objects = {

/* Begin PBXBuildFile section */
		68BB9F0630759E1000AD9426 /* AppDelegate.swift in Sources */ = {isa = PBXBuildFile; fileRef = 68BB9F0530759E1000AD9426 /* AppDelegate.swift */; };
		68BB9F0830759E1000AD9426 /* SceneDelegate.swift in Sources */ = {isa = PBXBuildFile; fileRef = 68BB9F0730759E1000AD9426 /* SceneDelegate.swift */; };
		68BB9F0B30759E1000AD9426 /* LaunchScreen.storyboard in Resources */ = {isa = PBXBuildFile; fileRef = 68BB9F0930759E1000AD9426 /* LaunchScreen.storyboard */; };
		68BB9F0E30759E1000AD9426 /* Main.storyboard in Resources */ = {isa = PBXBuildFile; fileRef = 68BB9F0C30759E1000AD9426 /* Main.storyboard */; };
		68BB9F1730759E1000AD9426 /* AppDelegate.swift in Sources */ = {isa = PBXBuildFile; fileRef = 68BB9F1630759E1000AD9426 /* AppDelegate.swift */; };
		68BB9F1A30759E1000AD9426 /* Main.storyboard in Resources */ = {isa = PBXBuildFile; fileRef = 68BB9F1830759E1000AD9426 /* Main.storyboard */; };
		68BB9F2130759E1000AD9426 /* Resource Timer for OGame Extension.appex in Embed Foundation Extensions */ = {isa = PBXBuildFile; fileRef = 68BB9F2030759E1000AD9426 /* Resource Timer for OGame Extension.appex */; settings = {ATTRIBUTES = (RemoveHeadersOnCopy, ); }; };
		68BB9F2B30759E1000AD9426 /* Resource Timer for OGame Extension.appex in Embed Foundation Extensions */ = {isa = PBXBuildFile; fileRef = 68BB9F2A30759E1000AD9426 /* Resource Timer for OGame Extension.appex */; settings = {ATTRIBUTES = (RemoveHeadersOnCopy, ); }; };
		68BB9F3030759E1000AD9426 /* Main.html in Resources */ = {isa = PBXBuildFile; fileRef = 68BB9EF530759E0F00AD9426 /* Main.html */; };
		68BB9F3130759E1000AD9426 /* Main.html in Resources */ = {isa = PBXBuildFile; fileRef = 68BB9EF530759E0F00AD9426 /* Main.html */; };
		68BB9F3230759E1000AD9426 /* Icon.png in Resources */ = {isa = PBXBuildFile; fileRef = 68BB9EF730759E0F00AD9426 /* Icon.png */; };
		68BB9F3330759E1000AD9426 /* Icon.png in Resources */ = {isa = PBXBuildFile; fileRef = 68BB9EF730759E0F00AD9426 /* Icon.png */; };
		68BB9F3430759E1000AD9426 /* Style.css in Resources */ = {isa = PBXBuildFile; fileRef = 68BB9EF830759E0F00AD9426 /* Style.css */; };
		68BB9F3530759E1000AD9426 /* Style.css in Resources */ = {isa = PBXBuildFile; fileRef = 68BB9EF830759E0F00AD9426 /* Style.css */; };
		68BB9F3630759E1000AD9426 /* Script.js in Resources */ = {isa = PBXBuildFile; fileRef = 68BB9EF930759E0F00AD9426 /* Script.js */; };
		68BB9F3730759E1000AD9426 /* Script.js in Resources */ = {isa = PBXBuildFile; fileRef = 68BB9EF930759E0F00AD9426 /* Script.js */; };
		68BB9F3830759E1000AD9426 /* ViewController.swift in Sources */ = {isa = PBXBuildFile; fileRef = 68BB9EFA30759E0F00AD9426 /* ViewController.swift */; };
		68BB9F3930759E1000AD9426 /* ViewController.swift in Sources */ = {isa = PBXBuildFile; fileRef = 68BB9EFA30759E0F00AD9426 /* ViewController.swift */; };
		68BB9F3A30759E1000AD9426 /* Assets.xcassets in Resources */ = {isa = PBXBuildFile; fileRef = 68BB9EFB30759E1000AD9426 /* Assets.xcassets */; };
		68BB9F3B30759E1000AD9426 /* Assets.xcassets in Resources */ = {isa = PBXBuildFile; fileRef = 68BB9EFB30759E1000AD9426 /* Assets.xcassets */; };
		68BB9F3C30759E1000AD9426 /* SafariWebExtensionHandler.swift in Sources */ = {isa = PBXBuildFile; fileRef = 68BB9EFD30759E1000AD9426 /* SafariWebExtensionHandler.swift */; };
		68BB9F3D30759E1000AD9426 /* SafariWebExtensionHandler.swift in Sources */ = {isa = PBXBuildFile; fileRef = 68BB9EFD30759E1000AD9426 /* SafariWebExtensionHandler.swift */; };
		68BB9F5F30759E1000AD9426 /* popup.js in Resources */ = {isa = PBXBuildFile; fileRef = 68BB9F4F30759E1000AD9426 /* popup.js */; };
		68BB9F6030759E1000AD9426 /* styles.css in Resources */ = {isa = PBXBuildFile; fileRef = 68BB9F5030759E1000AD9426 /* styles.css */; };
		68BB9F6130759E1000AD9426 /* background.js in Resources */ = {isa = PBXBuildFile; fileRef = 68BB9F5130759E1000AD9426 /* background.js */; };
		68BB9F6230759E1000AD9426 /* support.html in Resources */ = {isa = PBXBuildFile; fileRef = 68BB9F5230759E1000AD9426 /* support.html */; };
		68BB9F6330759E1000AD9426 /* popup.html in Resources */ = {isa = PBXBuildFile; fileRef = 68BB9F5330759E1000AD9426 /* popup.html */; };
		68BB9F6430759E1000AD9426 /* config.js in Resources */ = {isa = PBXBuildFile; fileRef = 68BB9F5430759E1000AD9426 /* config.js */; };
		68BB9F6530759E1000AD9426 /* support.js in Resources */ = {isa = PBXBuildFile; fileRef = 68BB9F5530759E1000AD9426 /* support.js */; };
		68BB9F6630759E1000AD9426 /* ui-strings.js in Resources */ = {isa = PBXBuildFile; fileRef = 68BB9F5630759E1000AD9426 /* ui-strings.js */; };
		68BB9F6730759E1000AD9426 /* welcome.js in Resources */ = {isa = PBXBuildFile; fileRef = 68BB9F5730759E1000AD9426 /* welcome.js */; };
		68BB9F6830759E1000AD9426 /* icons in Resources */ = {isa = PBXBuildFile; fileRef = 68BB9F5830759E1000AD9426 /* icons */; };
		68BB9F6930759E1000AD9426 /* welcome.html in Resources */ = {isa = PBXBuildFile; fileRef = 68BB9F5930759E1000AD9426 /* welcome.html */; };
		68BB9F6A30759E1000AD9426 /* manifest.json in Resources */ = {isa = PBXBuildFile; fileRef = 68BB9F5A30759E1000AD9426 /* manifest.json */; };
		68BB9F6B30759E1000AD9426 /* pages.css in Resources */ = {isa = PBXBuildFile; fileRef = 68BB9F5B30759E1000AD9426 /* pages.css */; };
		68BB9F6C30759E1000AD9426 /* inject.js in Resources */ = {isa = PBXBuildFile; fileRef = 68BB9F5C30759E1000AD9426 /* inject.js */; };
		68BB9F6D30759E1000AD9426 /* content.js in Resources */ = {isa = PBXBuildFile; fileRef = 68BB9F5D30759E1000AD9426 /* content.js */; };
		68BB9F6E30759E1000AD9426 /* i18n.js in Resources */ = {isa = PBXBuildFile; fileRef = 68BB9F5E30759E1000AD9426 /* i18n.js */; };
		68BB9F6F30759E1000AD9426 /* popup.js in Resources */ = {isa = PBXBuildFile; fileRef = 68BB9F4F30759E1000AD9426 /* popup.js */; };
		68BB9F7030759E1000AD9426 /* styles.css in Resources */ = {isa = PBXBuildFile; fileRef = 68BB9F5030759E1000AD9426 /* styles.css */; };
		68BB9F7130759E1000AD9426 /* background.js in Resources */ = {isa = PBXBuildFile; fileRef = 68BB9F5130759E1000AD9426 /* background.js */; };
		68BB9F7230759E1000AD9426 /* support.html in Resources */ = {isa = PBXBuildFile; fileRef = 68BB9F5230759E1000AD9426 /* support.html */; };
		68BB9F7330759E1000AD9426 /* popup.html in Resources */ = {isa = PBXBuildFile; fileRef = 68BB9F5330759E1000AD9426 /* popup.html */; };
		68BB9F7430759E1000AD9426 /* config.js in Resources */ = {isa = PBXBuildFile; fileRef = 68BB9F5430759E1000AD9426 /* config.js */; };
		68BB9F7530759E1000AD9426 /* support.js in Resources */ = {isa = PBXBuildFile; fileRef = 68BB9F5530759E1000AD9426 /* support.js */; };
		68BB9F7630759E1000AD9426 /* ui-strings.js in Resources */ = {isa = PBXBuildFile; fileRef = 68BB9F5630759E1000AD9426 /* ui-strings.js */; };
		68BB9F7730759E1000AD9426 /* welcome.js in Resources */ = {isa = PBXBuildFile; fileRef = 68BB9F5730759E1000AD9426 /* welcome.js */; };
		68BB9F7830759E1000AD9426 /* icons in Resources */ = {isa = PBXBuildFile; fileRef = 68BB9F5830759E1000AD9426 /* icons */; };
		68BB9F7930759E1000AD9426 /* welcome.html in Resources */ = {isa = PBXBuildFile; fileRef = 68BB9F5930759E1000AD9426 /* welcome.html */; };
		68BB9F7A30759E1000AD9426 /* manifest.json in Resources */ = {isa = PBXBuildFile; fileRef = 68BB9F5A30759E1000AD9426 /* manifest.json */; };
		68BB9F7B30759E1000AD9426 /* pages.css in Resources */ = {isa = PBXBuildFile; fileRef = 68BB9F5B30759E1000AD9426 /* pages.css */; };
		68BB9F7C30759E1000AD9426 /* inject.js in Resources */ = {isa = PBXBuildFile; fileRef = 68BB9F5C30759E1000AD9426 /* inject.js */; };
		68BB9F7D30759E1000AD9426 /* content.js in Resources */ = {isa = PBXBuildFile; fileRef = 68BB9F5D30759E1000AD9426 /* content.js */; };
		68BB9F7E30759E1000AD9426 /* i18n.js in Resources */ = {isa = PBXBuildFile; fileRef = 68BB9F5E30759E1000AD9426 /* i18n.js */; };
/* End PBXBuildFile section */

/* Begin PBXContainerItemProxy section */
		68BB9F2230759E1000AD9426 /* PBXContainerItemProxy */ = {
			isa = PBXContainerItemProxy;
			containerPortal = 68BB9EEF30759E0F00AD9426 /* Project object */;
			proxyType = 1;
			remoteGlobalIDString = 68BB9F1F30759E1000AD9426;
			remoteInfo = "Resource Timer for OGame Extension (iOS)";
		};
		68BB9F2C30759E1000AD9426 /* PBXContainerItemProxy */ = {
			isa = PBXContainerItemProxy;
			containerPortal = 68BB9EEF30759E0F00AD9426 /* Project object */;
			proxyType = 1;
			remoteGlobalIDString = 68BB9F2930759E1000AD9426;
			remoteInfo = "Resource Timer for OGame Extension (macOS)";
		};
/* End PBXContainerItemProxy section */

/* Begin PBXCopyFilesBuildPhase section */
		68BB9F4330759E1000AD9426 /* Embed Foundation Extensions */ = {
			isa = PBXCopyFilesBuildPhase;
			buildActionMask = 2147483647;
			dstPath = "";
			dstSubfolderSpec = 13;
			files = (
				68BB9F2130759E1000AD9426 /* Resource Timer for OGame Extension.appex in Embed Foundation Extensions */,
			);
			name = "Embed Foundation Extensions";
			runOnlyForDeploymentPostprocessing = 0;
		};
		68BB9F4A30759E1000AD9426 /* Embed Foundation Extensions */ = {
			isa = PBXCopyFilesBuildPhase;
			buildActionMask = 2147483647;
			dstPath = "";
			dstSubfolderSpec = 13;
			files = (
				68BB9F2B30759E1000AD9426 /* Resource Timer for OGame Extension.appex in Embed Foundation Extensions */,
			);
			name = "Embed Foundation Extensions";
			runOnlyForDeploymentPostprocessing = 0;
		};
/* End PBXCopyFilesBuildPhase section */

/* Begin PBXFileReference section */
		68BB9EF630759E0F00AD9426 /* Base */ = {isa = PBXFileReference; lastKnownFileType = text.html; name = Base; path = Base.lproj/Main.html; sourceTree = "<group>"; };
		68BB9EF730759E0F00AD9426 /* Icon.png */ = {isa = PBXFileReference; lastKnownFileType = image.png; path = Icon.png; sourceTree = "<group>"; };
		68BB9EF830759E0F00AD9426 /* Style.css */ = {isa = PBXFileReference; lastKnownFileType = text.css; path = Style.css; sourceTree = "<group>"; };
		68BB9EF930759E0F00AD9426 /* Script.js */ = {isa = PBXFileReference; lastKnownFileType = sourcecode.javascript; path = Script.js; sourceTree = "<group>"; };
		68BB9EFA30759E0F00AD9426 /* ViewController.swift */ = {isa = PBXFileReference; lastKnownFileType = sourcecode.swift; path = ViewController.swift; sourceTree = "<group>"; };
		68BB9EFB30759E1000AD9426 /* Assets.xcassets */ = {isa = PBXFileReference; lastKnownFileType = folder.assetcatalog; path = Assets.xcassets; sourceTree = "<group>"; };
		68BB9EFD30759E1000AD9426 /* SafariWebExtensionHandler.swift */ = {isa = PBXFileReference; lastKnownFileType = sourcecode.swift; path = SafariWebExtensionHandler.swift; sourceTree = "<group>"; };
		68BB9F0230759E1000AD9426 /* Resource Timer for OGame.app */ = {isa = PBXFileReference; explicitFileType = wrapper.application; includeInIndex = 0; path = "Resource Timer for OGame.app"; sourceTree = BUILT_PRODUCTS_DIR; };
		68BB9F0530759E1000AD9426 /* AppDelegate.swift */ = {isa = PBXFileReference; lastKnownFileType = sourcecode.swift; path = AppDelegate.swift; sourceTree = "<group>"; };
		68BB9F0730759E1000AD9426 /* SceneDelegate.swift */ = {isa = PBXFileReference; lastKnownFileType = sourcecode.swift; path = SceneDelegate.swift; sourceTree = "<group>"; };
		68BB9F0A30759E1000AD9426 /* Base */ = {isa = PBXFileReference; lastKnownFileType = file.storyboard; name = Base; path = Base.lproj/LaunchScreen.storyboard; sourceTree = "<group>"; };
		68BB9F0D30759E1000AD9426 /* Base */ = {isa = PBXFileReference; lastKnownFileType = file.storyboard; name = Base; path = Base.lproj/Main.storyboard; sourceTree = "<group>"; };
		68BB9F0F30759E1000AD9426 /* Info.plist */ = {isa = PBXFileReference; lastKnownFileType = text.plist.xml; path = Info.plist; sourceTree = "<group>"; };
		68BB9F1430759E1000AD9426 /* Resource Timer for OGame.app */ = {isa = PBXFileReference; explicitFileType = wrapper.application; includeInIndex = 0; path = "Resource Timer for OGame.app"; sourceTree = BUILT_PRODUCTS_DIR; };
		68BB9F1630759E1000AD9426 /* AppDelegate.swift */ = {isa = PBXFileReference; lastKnownFileType = sourcecode.swift; path = AppDelegate.swift; sourceTree = "<group>"; };
		68BB9F1930759E1000AD9426 /* Base */ = {isa = PBXFileReference; lastKnownFileType = file.storyboard; name = Base; path = Base.lproj/Main.storyboard; sourceTree = "<group>"; };
		68BB9F1B30759E1000AD9426 /* Info.plist */ = {isa = PBXFileReference; lastKnownFileType = text.plist.xml; path = Info.plist; sourceTree = "<group>"; };
		68BB9F2030759E1000AD9426 /* Resource Timer for OGame Extension.appex */ = {isa = PBXFileReference; explicitFileType = "wrapper.app-extension"; includeInIndex = 0; path = "Resource Timer for OGame Extension.appex"; sourceTree = BUILT_PRODUCTS_DIR; };
		68BB9F2530759E1000AD9426 /* Info.plist */ = {isa = PBXFileReference; lastKnownFileType = text.plist.xml; path = Info.plist; sourceTree = "<group>"; };
		68BB9F2A30759E1000AD9426 /* Resource Timer for OGame Extension.appex */ = {isa = PBXFileReference; explicitFileType = "wrapper.app-extension"; includeInIndex = 0; path = "Resource Timer for OGame Extension.appex"; sourceTree = BUILT_PRODUCTS_DIR; };
		68BB9F2F30759E1000AD9426 /* Info.plist */ = {isa = PBXFileReference; lastKnownFileType = text.plist.xml; path = Info.plist; sourceTree = "<group>"; };
		68BB9F4F30759E1000AD9426 /* popup.js */ = {isa = PBXFileReference; lastKnownFileType = sourcecode.javascript; name = popup.js; path = ../../../extension/popup.js; sourceTree = "<group>"; };
		68BB9F5030759E1000AD9426 /* styles.css */ = {isa = PBXFileReference; lastKnownFileType = text.css; name = styles.css; path = ../../../extension/styles.css; sourceTree = "<group>"; };
		68BB9F5130759E1000AD9426 /* background.js */ = {isa = PBXFileReference; lastKnownFileType = sourcecode.javascript; name = background.js; path = ../../../extension/background.js; sourceTree = "<group>"; };
		68BB9F5230759E1000AD9426 /* support.html */ = {isa = PBXFileReference; lastKnownFileType = text.html; name = support.html; path = ../../../extension/support.html; sourceTree = "<group>"; };
		68BB9F5330759E1000AD9426 /* popup.html */ = {isa = PBXFileReference; lastKnownFileType = text.html; name = popup.html; path = ../../../extension/popup.html; sourceTree = "<group>"; };
		68BB9F5430759E1000AD9426 /* config.js */ = {isa = PBXFileReference; lastKnownFileType = sourcecode.javascript; name = config.js; path = ../../../extension/config.js; sourceTree = "<group>"; };
		68BB9F5530759E1000AD9426 /* support.js */ = {isa = PBXFileReference; lastKnownFileType = sourcecode.javascript; name = support.js; path = ../../../extension/support.js; sourceTree = "<group>"; };
		68BB9F5630759E1000AD9426 /* ui-strings.js */ = {isa = PBXFileReference; lastKnownFileType = sourcecode.javascript; name = "ui-strings.js"; path = "../../../extension/ui-strings.js"; sourceTree = "<group>"; };
		68BB9F5730759E1000AD9426 /* welcome.js */ = {isa = PBXFileReference; lastKnownFileType = sourcecode.javascript; name = welcome.js; path = ../../../extension/welcome.js; sourceTree = "<group>"; };
		68BB9F5830759E1000AD9426 /* icons */ = {isa = PBXFileReference; lastKnownFileType = folder; name = icons; path = ../../../extension/icons; sourceTree = "<group>"; };
		68BB9F5930759E1000AD9426 /* welcome.html */ = {isa = PBXFileReference; lastKnownFileType = text.html; name = welcome.html; path = ../../../extension/welcome.html; sourceTree = "<group>"; };
		68BB9F5A30759E1000AD9426 /* manifest.json */ = {isa = PBXFileReference; lastKnownFileType = text.json; name = manifest.json; path = ../../../extension/manifest.json; sourceTree = "<group>"; };
		68BB9F5B30759E1000AD9426 /* pages.css */ = {isa = PBXFileReference; lastKnownFileType = text.css; name = pages.css; path = ../../../extension/pages.css; sourceTree = "<group>"; };
		68BB9F5C30759E1000AD9426 /* inject.js */ = {isa = PBXFileReference; lastKnownFileType = sourcecode.javascript; name = inject.js; path = ../../../extension/inject.js; sourceTree = "<group>"; };
		68BB9F5D30759E1000AD9426 /* content.js */ = {isa = PBXFileReference; lastKnownFileType = sourcecode.javascript; name = content.js; path = ../../../extension/content.js; sourceTree = "<group>"; };
		68BB9F5E30759E1000AD9426 /* i18n.js */ = {isa = PBXFileReference; lastKnownFileType = sourcecode.javascript; name = i18n.js; path = ../../../extension/i18n.js; sourceTree = "<group>"; };
/* End PBXFileReference section */

/* Begin PBXFrameworksBuildPhase section */
		68BB9EFF30759E1000AD9426 /* Frameworks */ = {
			isa = PBXFrameworksBuildPhase;
			buildActionMask = 2147483647;
			files = (
			);
			runOnlyForDeploymentPostprocessing = 0;
		};
		68BB9F1130759E1000AD9426 /* Frameworks */ = {
			isa = PBXFrameworksBuildPhase;
			buildActionMask = 2147483647;
			files = (
			);
			runOnlyForDeploymentPostprocessing = 0;
		};
		68BB9F1D30759E1000AD9426 /* Frameworks */ = {
			isa = PBXFrameworksBuildPhase;
			buildActionMask = 2147483647;
			files = (
			);
			runOnlyForDeploymentPostprocessing = 0;
		};
		68BB9F2730759E1000AD9426 /* Frameworks */ = {
			isa = PBXFrameworksBuildPhase;
			buildActionMask = 2147483647;
			files = (
			);
			runOnlyForDeploymentPostprocessing = 0;
		};
/* End PBXFrameworksBuildPhase section */

/* Begin PBXGroup section */
		68BB9EEE30759E0F00AD9426 = {
			isa = PBXGroup;
			children = (
				68BB9EF330759E0F00AD9426 /* Shared (App) */,
				68BB9EFC30759E1000AD9426 /* Shared (Extension) */,
				68BB9F0430759E1000AD9426 /* iOS (App) */,
				68BB9F1530759E1000AD9426 /* macOS (App) */,
				68BB9F2430759E1000AD9426 /* iOS (Extension) */,
				68BB9F2E30759E1000AD9426 /* macOS (Extension) */,
				68BB9F0330759E1000AD9426 /* Products */,
			);
			sourceTree = "<group>";
		};
		68BB9EF330759E0F00AD9426 /* Shared (App) */ = {
			isa = PBXGroup;
			children = (
				68BB9EFA30759E0F00AD9426 /* ViewController.swift */,
				68BB9EFB30759E1000AD9426 /* Assets.xcassets */,
				68BB9EF430759E0F00AD9426 /* Resources */,
			);
			path = "Shared (App)";
			sourceTree = "<group>";
		};
		68BB9EF430759E0F00AD9426 /* Resources */ = {
			isa = PBXGroup;
			children = (
				68BB9EF530759E0F00AD9426 /* Main.html */,
				68BB9EF730759E0F00AD9426 /* Icon.png */,
				68BB9EF830759E0F00AD9426 /* Style.css */,
				68BB9EF930759E0F00AD9426 /* Script.js */,
			);
			path = Resources;
			sourceTree = "<group>";
		};
		68BB9EFC30759E1000AD9426 /* Shared (Extension) */ = {
			isa = PBXGroup;
			children = (
				68BB9F4E30759E1000AD9426 /* Resources */,
				68BB9EFD30759E1000AD9426 /* SafariWebExtensionHandler.swift */,
			);
			path = "Shared (Extension)";
			sourceTree = "<group>";
		};
		68BB9F0330759E1000AD9426 /* Products */ = {
			isa = PBXGroup;
			children = (
				68BB9F0230759E1000AD9426 /* Resource Timer for OGame.app */,
				68BB9F1430759E1000AD9426 /* Resource Timer for OGame.app */,
				68BB9F2030759E1000AD9426 /* Resource Timer for OGame Extension.appex */,
				68BB9F2A30759E1000AD9426 /* Resource Timer for OGame Extension.appex */,
			);
			name = Products;
			sourceTree = "<group>";
		};
		68BB9F0430759E1000AD9426 /* iOS (App) */ = {
			isa = PBXGroup;
			children = (
				68BB9F0530759E1000AD9426 /* AppDelegate.swift */,
				68BB9F0730759E1000AD9426 /* SceneDelegate.swift */,
				68BB9F0930759E1000AD9426 /* LaunchScreen.storyboard */,
				68BB9F0C30759E1000AD9426 /* Main.storyboard */,
				68BB9F0F30759E1000AD9426 /* Info.plist */,
			);
			path = "iOS (App)";
			sourceTree = "<group>";
		};
		68BB9F1530759E1000AD9426 /* macOS (App) */ = {
			isa = PBXGroup;
			children = (
				68BB9F1630759E1000AD9426 /* AppDelegate.swift */,
				68BB9F1830759E1000AD9426 /* Main.storyboard */,
				68BB9F1B30759E1000AD9426 /* Info.plist */,
			);
			path = "macOS (App)";
			sourceTree = "<group>";
		};
		68BB9F2430759E1000AD9426 /* iOS (Extension) */ = {
			isa = PBXGroup;
			children = (
				68BB9F2530759E1000AD9426 /* Info.plist */,
			);
			path = "iOS (Extension)";
			sourceTree = "<group>";
		};
		68BB9F2E30759E1000AD9426 /* macOS (Extension) */ = {
			isa = PBXGroup;
			children = (
				68BB9F2F30759E1000AD9426 /* Info.plist */,
			);
			path = "macOS (Extension)";
			sourceTree = "<group>";
		};
		68BB9F4E30759E1000AD9426 /* Resources */ = {
			isa = PBXGroup;
			children = (
				68BB9F4F30759E1000AD9426 /* popup.js */,
				68BB9F5030759E1000AD9426 /* styles.css */,
				68BB9F5130759E1000AD9426 /* background.js */,
				68BB9F5230759E1000AD9426 /* support.html */,
				68BB9F5330759E1000AD9426 /* popup.html */,
				68BB9F5430759E1000AD9426 /* config.js */,
				68BB9F5530759E1000AD9426 /* support.js */,
				68BB9F5630759E1000AD9426 /* ui-strings.js */,
				68BB9F5730759E1000AD9426 /* welcome.js */,
				68BB9F5830759E1000AD9426 /* icons */,
				68BB9F5930759E1000AD9426 /* welcome.html */,
				68BB9F5A30759E1000AD9426 /* manifest.json */,
				68BB9F5B30759E1000AD9426 /* pages.css */,
				68BB9F5C30759E1000AD9426 /* inject.js */,
				68BB9F5D30759E1000AD9426 /* content.js */,
				68BB9F5E30759E1000AD9426 /* i18n.js */,
			);
			name = Resources;
			path = "Shared (Extension)";
			sourceTree = SOURCE_ROOT;
		};
/* End PBXGroup section */

/* Begin PBXNativeTarget section */
		68BB9F0130759E1000AD9426 /* Resource Timer for OGame (iOS) */ = {
			isa = PBXNativeTarget;
			buildConfigurationList = 68BB9F4430759E1000AD9426 /* Build configuration list for PBXNativeTarget "Resource Timer for OGame (iOS)" */;
			buildPhases = (
				68BB9EFE30759E1000AD9426 /* Sources */,
				68BB9EFF30759E1000AD9426 /* Frameworks */,
				68BB9F0030759E1000AD9426 /* Resources */,
				68BB9F4330759E1000AD9426 /* Embed Foundation Extensions */,
			);
			buildRules = (
			);
			dependencies = (
				68BB9F2330759E1000AD9426 /* PBXTargetDependency */,
			);
			name = "Resource Timer for OGame (iOS)";
			packageProductDependencies = (
			);
			productName = "Resource Timer for OGame (iOS)";
			productReference = 68BB9F0230759E1000AD9426 /* Resource Timer for OGame.app */;
			productType = "com.apple.product-type.application";
		};
		68BB9F1330759E1000AD9426 /* Resource Timer for OGame (macOS) */ = {
			isa = PBXNativeTarget;
			buildConfigurationList = 68BB9F4B30759E1000AD9426 /* Build configuration list for PBXNativeTarget "Resource Timer for OGame (macOS)" */;
			buildPhases = (
				68BB9F1030759E1000AD9426 /* Sources */,
				68BB9F1130759E1000AD9426 /* Frameworks */,
				68BB9F1230759E1000AD9426 /* Resources */,
				68BB9F4A30759E1000AD9426 /* Embed Foundation Extensions */,
			);
			buildRules = (
			);
			dependencies = (
				68BB9F2D30759E1000AD9426 /* PBXTargetDependency */,
			);
			name = "Resource Timer for OGame (macOS)";
			packageProductDependencies = (
			);
			productName = "Resource Timer for OGame (macOS)";
			productReference = 68BB9F1430759E1000AD9426 /* Resource Timer for OGame.app */;
			productType = "com.apple.product-type.application";
		};
		68BB9F1F30759E1000AD9426 /* Resource Timer for OGame Extension (iOS) */ = {
			isa = PBXNativeTarget;
			buildConfigurationList = 68BB9F4030759E1000AD9426 /* Build configuration list for PBXNativeTarget "Resource Timer for OGame Extension (iOS)" */;
			buildPhases = (
				68BB9F1C30759E1000AD9426 /* Sources */,
				68BB9F1D30759E1000AD9426 /* Frameworks */,
				68BB9F1E30759E1000AD9426 /* Resources */,
			);
			buildRules = (
			);
			dependencies = (
			);
			name = "Resource Timer for OGame Extension (iOS)";
			packageProductDependencies = (
			);
			productName = "Resource Timer for OGame Extension (iOS)";
			productReference = 68BB9F2030759E1000AD9426 /* Resource Timer for OGame Extension.appex */;
			productType = "com.apple.product-type.app-extension";
		};
		68BB9F2930759E1000AD9426 /* Resource Timer for OGame Extension (macOS) */ = {
			isa = PBXNativeTarget;
			buildConfigurationList = 68BB9F4730759E1000AD9426 /* Build configuration list for PBXNativeTarget "Resource Timer for OGame Extension (macOS)" */;
			buildPhases = (
				68BB9F2630759E1000AD9426 /* Sources */,
				68BB9F2730759E1000AD9426 /* Frameworks */,
				68BB9F2830759E1000AD9426 /* Resources */,
			);
			buildRules = (
			);
			dependencies = (
			);
			name = "Resource Timer for OGame Extension (macOS)";
			packageProductDependencies = (
			);
			productName = "Resource Timer for OGame Extension (macOS)";
			productReference = 68BB9F2A30759E1000AD9426 /* Resource Timer for OGame Extension.appex */;
			productType = "com.apple.product-type.app-extension";
		};
/* End PBXNativeTarget section */

/* Begin PBXProject section */
		68BB9EEF30759E0F00AD9426 /* Project object */ = {
			isa = PBXProject;
			attributes = {
				BuildIndependentTargetsInParallel = 1;
				LastSwiftUpdateCheck = 2610;
				LastUpgradeCheck = 2610;
				TargetAttributes = {
					68BB9F0130759E1000AD9426 = {
						CreatedOnToolsVersion = 26.1.1;
					};
					68BB9F1330759E1000AD9426 = {
						CreatedOnToolsVersion = 26.1.1;
					};
					68BB9F1F30759E1000AD9426 = {
						CreatedOnToolsVersion = 26.1.1;
					};
					68BB9F2930759E1000AD9426 = {
						CreatedOnToolsVersion = 26.1.1;
					};
				};
			};
			buildConfigurationList = 68BB9EF230759E0F00AD9426 /* Build configuration list for PBXProject "Resource Timer for OGame" */;
			developmentRegion = en;
			hasScannedForEncodings = 0;
			knownRegions = (
				en,
				Base,
			);
			mainGroup = 68BB9EEE30759E0F00AD9426;
			minimizedProjectReferenceProxies = 1;
			preferredProjectObjectVersion = 77;
			productRefGroup = 68BB9F0330759E1000AD9426 /* Products */;
			projectDirPath = "";
			projectRoot = "";
			targets = (
				68BB9F0130759E1000AD9426 /* Resource Timer for OGame (iOS) */,
				68BB9F1330759E1000AD9426 /* Resource Timer for OGame (macOS) */,
				68BB9F1F30759E1000AD9426 /* Resource Timer for OGame Extension (iOS) */,
				68BB9F2930759E1000AD9426 /* Resource Timer for OGame Extension (macOS) */,
			);
		};
/* End PBXProject section */

/* Begin PBXResourcesBuildPhase section */
		68BB9F0030759E1000AD9426 /* Resources */ = {
			isa = PBXResourcesBuildPhase;
			buildActionMask = 2147483647;
			files = (
				68BB9F3230759E1000AD9426 /* Icon.png in Resources */,
				68BB9F0B30759E1000AD9426 /* LaunchScreen.storyboard in Resources */,
				68BB9F3030759E1000AD9426 /* Main.html in Resources */,
				68BB9F3630759E1000AD9426 /* Script.js in Resources */,
				68BB9F3A30759E1000AD9426 /* Assets.xcassets in Resources */,
				68BB9F0E30759E1000AD9426 /* Main.storyboard in Resources */,
				68BB9F3430759E1000AD9426 /* Style.css in Resources */,
			);
			runOnlyForDeploymentPostprocessing = 0;
		};
		68BB9F1230759E1000AD9426 /* Resources */ = {
			isa = PBXResourcesBuildPhase;
			buildActionMask = 2147483647;
			files = (
				68BB9F3330759E1000AD9426 /* Icon.png in Resources */,
				68BB9F3530759E1000AD9426 /* Style.css in Resources */,
				68BB9F1A30759E1000AD9426 /* Main.storyboard in Resources */,
				68BB9F3730759E1000AD9426 /* Script.js in Resources */,
				68BB9F3B30759E1000AD9426 /* Assets.xcassets in Resources */,
				68BB9F3130759E1000AD9426 /* Main.html in Resources */,
			);
			runOnlyForDeploymentPostprocessing = 0;
		};
		68BB9F1E30759E1000AD9426 /* Resources */ = {
			isa = PBXResourcesBuildPhase;
			buildActionMask = 2147483647;
			files = (
				68BB9F7530759E1000AD9426 /* support.js in Resources */,
				68BB9F7430759E1000AD9426 /* config.js in Resources */,
				68BB9F7E30759E1000AD9426 /* i18n.js in Resources */,
				68BB9F7230759E1000AD9426 /* support.html in Resources */,
				68BB9F7C30759E1000AD9426 /* inject.js in Resources */,
				68BB9F7830759E1000AD9426 /* icons in Resources */,
				68BB9F7A30759E1000AD9426 /* manifest.json in Resources */,
				68BB9F7930759E1000AD9426 /* welcome.html in Resources */,
				68BB9F7330759E1000AD9426 /* popup.html in Resources */,
				68BB9F6F30759E1000AD9426 /* popup.js in Resources */,
				68BB9F7D30759E1000AD9426 /* content.js in Resources */,
				68BB9F7630759E1000AD9426 /* ui-strings.js in Resources */,
				68BB9F7B30759E1000AD9426 /* pages.css in Resources */,
				68BB9F7130759E1000AD9426 /* background.js in Resources */,
				68BB9F7730759E1000AD9426 /* welcome.js in Resources */,
				68BB9F7030759E1000AD9426 /* styles.css in Resources */,
			);
			runOnlyForDeploymentPostprocessing = 0;
		};
		68BB9F2830759E1000AD9426 /* Resources */ = {
			isa = PBXResourcesBuildPhase;
			buildActionMask = 2147483647;
			files = (
				68BB9F6530759E1000AD9426 /* support.js in Resources */,
				68BB9F6430759E1000AD9426 /* config.js in Resources */,
				68BB9F6E30759E1000AD9426 /* i18n.js in Resources */,
				68BB9F6230759E1000AD9426 /* support.html in Resources */,
				68BB9F6C30759E1000AD9426 /* inject.js in Resources */,
				68BB9F6830759E1000AD9426 /* icons in Resources */,
				68BB9F6A30759E1000AD9426 /* manifest.json in Resources */,
				68BB9F6930759E1000AD9426 /* welcome.html in Resources */,
				68BB9F6330759E1000AD9426 /* popup.html in Resources */,
				68BB9F5F30759E1000AD9426 /* popup.js in Resources */,
				68BB9F6D30759E1000AD9426 /* content.js in Resources */,
				68BB9F6630759E1000AD9426 /* ui-strings.js in Resources */,
				68BB9F6B30759E1000AD9426 /* pages.css in Resources */,
				68BB9F6130759E1000AD9426 /* background.js in Resources */,
				68BB9F6730759E1000AD9426 /* welcome.js in Resources */,
				68BB9F6030759E1000AD9426 /* styles.css in Resources */,
			);
			runOnlyForDeploymentPostprocessing = 0;
		};
/* End PBXResourcesBuildPhase section */

/* Begin PBXSourcesBuildPhase section */
		68BB9EFE30759E1000AD9426 /* Sources */ = {
			isa = PBXSourcesBuildPhase;
			buildActionMask = 2147483647;
			files = (
				68BB9F3830759E1000AD9426 /* ViewController.swift in Sources */,
				68BB9F0630759E1000AD9426 /* AppDelegate.swift in Sources */,
				68BB9F0830759E1000AD9426 /* SceneDelegate.swift in Sources */,
			);
			runOnlyForDeploymentPostprocessing = 0;
		};
		68BB9F1030759E1000AD9426 /* Sources */ = {
			isa = PBXSourcesBuildPhase;
			buildActionMask = 2147483647;
			files = (
				68BB9F3930759E1000AD9426 /* ViewController.swift in Sources */,
				68BB9F1730759E1000AD9426 /* AppDelegate.swift in Sources */,
			);
			runOnlyForDeploymentPostprocessing = 0;
		};
		68BB9F1C30759E1000AD9426 /* Sources */ = {
			isa = PBXSourcesBuildPhase;
			buildActionMask = 2147483647;
			files = (
				68BB9F3C30759E1000AD9426 /* SafariWebExtensionHandler.swift in Sources */,
			);
			runOnlyForDeploymentPostprocessing = 0;
		};
		68BB9F2630759E1000AD9426 /* Sources */ = {
			isa = PBXSourcesBuildPhase;
			buildActionMask = 2147483647;
			files = (
				68BB9F3D30759E1000AD9426 /* SafariWebExtensionHandler.swift in Sources */,
			);
			runOnlyForDeploymentPostprocessing = 0;
		};
/* End PBXSourcesBuildPhase section */

/* Begin PBXTargetDependency section */
		68BB9F2330759E1000AD9426 /* PBXTargetDependency */ = {
			isa = PBXTargetDependency;
			target = 68BB9F1F30759E1000AD9426 /* Resource Timer for OGame Extension (iOS) */;
			targetProxy = 68BB9F2230759E1000AD9426 /* PBXContainerItemProxy */;
		};
		68BB9F2D30759E1000AD9426 /* PBXTargetDependency */ = {
			isa = PBXTargetDependency;
			target = 68BB9F2930759E1000AD9426 /* Resource Timer for OGame Extension (macOS) */;
			targetProxy = 68BB9F2C30759E1000AD9426 /* PBXContainerItemProxy */;
		};
/* End PBXTargetDependency section */

/* Begin PBXVariantGroup section */
		68BB9EF530759E0F00AD9426 /* Main.html */ = {
			isa = PBXVariantGroup;
			children = (
				68BB9EF630759E0F00AD9426 /* Base */,
			);
			name = Main.html;
			sourceTree = "<group>";
		};
		68BB9F0930759E1000AD9426 /* LaunchScreen.storyboard */ = {
			isa = PBXVariantGroup;
			children = (
				68BB9F0A30759E1000AD9426 /* Base */,
			);
			name = LaunchScreen.storyboard;
			sourceTree = "<group>";
		};
		68BB9F0C30759E1000AD9426 /* Main.storyboard */ = {
			isa = PBXVariantGroup;
			children = (
				68BB9F0D30759E1000AD9426 /* Base */,
			);
			name = Main.storyboard;
			sourceTree = "<group>";
		};
		68BB9F1830759E1000AD9426 /* Main.storyboard */ = {
			isa = PBXVariantGroup;
			children = (
				68BB9F1930759E1000AD9426 /* Base */,
			);
			name = Main.storyboard;
			sourceTree = "<group>";
		};
/* End PBXVariantGroup section */

/* Begin XCBuildConfiguration section */
		68BB9F3E30759E1000AD9426 /* Debug */ = {
			isa = XCBuildConfiguration;
			buildSettings = {
				ALWAYS_SEARCH_USER_PATHS = NO;
				ASSETCATALOG_COMPILER_GENERATE_SWIFT_ASSET_SYMBOL_EXTENSIONS = YES;
				CLANG_ANALYZER_NONNULL = YES;
				CLANG_ANALYZER_NUMBER_OBJECT_CONVERSION = YES_AGGRESSIVE;
				CLANG_CXX_LANGUAGE_STANDARD = "gnu++20";
				CLANG_ENABLE_MODULES = YES;
				CLANG_ENABLE_OBJC_ARC = YES;
				CLANG_ENABLE_OBJC_WEAK = YES;
				CLANG_WARN_BLOCK_CAPTURE_AUTORELEASING = YES;
				CLANG_WARN_BOOL_CONVERSION = YES;
				CLANG_WARN_COMMA = YES;
				CLANG_WARN_CONSTANT_CONVERSION = YES;
				CLANG_WARN_DEPRECATED_OBJC_IMPLEMENTATIONS = YES;
				CLANG_WARN_DIRECT_OBJC_ISA_USAGE = YES_ERROR;
				CLANG_WARN_DOCUMENTATION_COMMENTS = YES;
				CLANG_WARN_EMPTY_BODY = YES;
				CLANG_WARN_ENUM_CONVERSION = YES;
				CLANG_WARN_INFINITE_RECURSION = YES;
				CLANG_WARN_INT_CONVERSION = YES;
				CLANG_WARN_NON_LITERAL_NULL_CONVERSION = YES;
				CLANG_WARN_OBJC_IMPLICIT_RETAIN_SELF = YES;
				CLANG_WARN_OBJC_LITERAL_CONVERSION = YES;
				CLANG_WARN_OBJC_ROOT_CLASS = YES_ERROR;
				CLANG_WARN_QUOTED_INCLUDE_IN_FRAMEWORK_HEADER = YES;
				CLANG_WARN_RANGE_LOOP_ANALYSIS = YES;
				CLANG_WARN_STRICT_PROTOTYPES = YES;
				CLANG_WARN_SUSPICIOUS_MOVE = YES;
				CLANG_WARN_UNGUARDED_AVAILABILITY = YES_AGGRESSIVE;
				CLANG_WARN_UNREACHABLE_CODE = YES;
				CLANG_WARN__DUPLICATE_METHOD_MATCH = YES;
				COPY_PHASE_STRIP = NO;
				DEBUG_INFORMATION_FORMAT = dwarf;
				ENABLE_STRICT_OBJC_MSGSEND = YES;
				ENABLE_TESTABILITY = YES;
				ENABLE_USER_SCRIPT_SANDBOXING = YES;
				GCC_C_LANGUAGE_STANDARD = gnu17;
				GCC_DYNAMIC_NO_PIC = NO;
				GCC_NO_COMMON_BLOCKS = YES;
				GCC_OPTIMIZATION_LEVEL = 0;
				GCC_PREPROCESSOR_DEFINITIONS = (
					"DEBUG=1",
					"$(inherited)",
				);
				GCC_WARN_64_TO_32_BIT_CONVERSION = YES;
				GCC_WARN_ABOUT_RETURN_TYPE = YES_ERROR;
				GCC_WARN_UNDECLARED_SELECTOR = YES;
				GCC_WARN_UNINITIALIZED_AUTOS = YES_AGGRESSIVE;
				GCC_WARN_UNUSED_FUNCTION = YES;
				GCC_WARN_UNUSED_VARIABLE = YES;
				LOCALIZATION_PREFERS_STRING_CATALOGS = YES;
				MTL_ENABLE_DEBUG_INFO = INCLUDE_SOURCE;
				MTL_FAST_MATH = YES;
				ONLY_ACTIVE_ARCH = YES;
				SWIFT_ACTIVE_COMPILATION_CONDITIONS = "DEBUG $(inherited)";
				SWIFT_OPTIMIZATION_LEVEL = "-Onone";
			};
			name = Debug;
		};
		68BB9F3F30759E1000AD9426 /* Release */ = {
			isa = XCBuildConfiguration;
			buildSettings = {
				ALWAYS_SEARCH_USER_PATHS = NO;
				ASSETCATALOG_COMPILER_GENERATE_SWIFT_ASSET_SYMBOL_EXTENSIONS = YES;
				CLANG_ANALYZER_NONNULL = YES;
				CLANG_ANALYZER_NUMBER_OBJECT_CONVERSION = YES_AGGRESSIVE;
				CLANG_CXX_LANGUAGE_STANDARD = "gnu++20";
				CLANG_ENABLE_MODULES = YES;
				CLANG_ENABLE_OBJC_ARC = YES;
				CLANG_ENABLE_OBJC_WEAK = YES;
				CLANG_WARN_BLOCK_CAPTURE_AUTORELEASING = YES;
				CLANG_WARN_BOOL_CONVERSION = YES;
				CLANG_WARN_COMMA = YES;
				CLANG_WARN_CONSTANT_CONVERSION = YES;
				CLANG_WARN_DEPRECATED_OBJC_IMPLEMENTATIONS = YES;
				CLANG_WARN_DIRECT_OBJC_ISA_USAGE = YES_ERROR;
				CLANG_WARN_DOCUMENTATION_COMMENTS = YES;
				CLANG_WARN_EMPTY_BODY = YES;
				CLANG_WARN_ENUM_CONVERSION = YES;
				CLANG_WARN_INFINITE_RECURSION = YES;
				CLANG_WARN_INT_CONVERSION = YES;
				CLANG_WARN_NON_LITERAL_NULL_CONVERSION = YES;
				CLANG_WARN_OBJC_IMPLICIT_RETAIN_SELF = YES;
				CLANG_WARN_OBJC_LITERAL_CONVERSION = YES;
				CLANG_WARN_OBJC_ROOT_CLASS = YES_ERROR;
				CLANG_WARN_QUOTED_INCLUDE_IN_FRAMEWORK_HEADER = YES;
				CLANG_WARN_RANGE_LOOP_ANALYSIS = YES;
				CLANG_WARN_STRICT_PROTOTYPES = YES;
				CLANG_WARN_SUSPICIOUS_MOVE = YES;
				CLANG_WARN_UNGUARDED_AVAILABILITY = YES_AGGRESSIVE;
				CLANG_WARN_UNREACHABLE_CODE = YES;
				CLANG_WARN__DUPLICATE_METHOD_MATCH = YES;
				COPY_PHASE_STRIP = NO;
				DEBUG_INFORMATION_FORMAT = "dwarf-with-dsym";
				ENABLE_NS_ASSERTIONS = NO;
				ENABLE_STRICT_OBJC_MSGSEND = YES;
				ENABLE_USER_SCRIPT_SANDBOXING = YES;
				GCC_C_LANGUAGE_STANDARD = gnu17;
				GCC_NO_COMMON_BLOCKS = YES;
				GCC_WARN_64_TO_32_BIT_CONVERSION = YES;
				GCC_WARN_ABOUT_RETURN_TYPE = YES_ERROR;
				GCC_WARN_UNDECLARED_SELECTOR = YES;
				GCC_WARN_UNINITIALIZED_AUTOS = YES_AGGRESSIVE;
				GCC_WARN_UNUSED_FUNCTION = YES;
				GCC_WARN_UNUSED_VARIABLE = YES;
				LOCALIZATION_PREFERS_STRING_CATALOGS = YES;
				MTL_ENABLE_DEBUG_INFO = NO;
				MTL_FAST_MATH = YES;
				SWIFT_COMPILATION_MODE = wholemodule;
			};
			name = Release;
		};
		68BB9F4130759E1000AD9426 /* Debug */ = {
			isa = XCBuildConfiguration;
			buildSettings = {
				CODE_SIGN_STYLE = Automatic;
				CURRENT_PROJECT_VERSION = 1;
				GENERATE_INFOPLIST_FILE = YES;
				INFOPLIST_FILE = "iOS (Extension)/Info.plist";
				INFOPLIST_KEY_CFBundleDisplayName = "Resource Timer for OGame Extension";
				INFOPLIST_KEY_NSHumanReadableCopyright = "";
				IPHONEOS_DEPLOYMENT_TARGET = 15.0;
				LD_RUNPATH_SEARCH_PATHS = (
					"$(inherited)",
					"@executable_path/Frameworks",
					"@executable_path/../../Frameworks",
				);
				MARKETING_VERSION = 1.0;
				OTHER_LDFLAGS = (
					"-framework",
					SafariServices,
				);
				PRODUCT_BUNDLE_IDENTIFIER = com.kote.resourcetimer.Extension;
				PRODUCT_NAME = "Resource Timer for OGame Extension";
				SDKROOT = iphoneos;
				SKIP_INSTALL = YES;
				STRING_CATALOG_GENERATE_SYMBOLS = YES;
				SWIFT_APPROACHABLE_CONCURRENCY = YES;
				SWIFT_EMIT_LOC_STRINGS = YES;
				SWIFT_UPCOMING_FEATURE_MEMBER_IMPORT_VISIBILITY = YES;
				SWIFT_VERSION = 5.0;
				TARGETED_DEVICE_FAMILY = "1,2";
			};
			name = Debug;
		};
		68BB9F4230759E1000AD9426 /* Release */ = {
			isa = XCBuildConfiguration;
			buildSettings = {
				CODE_SIGN_STYLE = Automatic;
				CURRENT_PROJECT_VERSION = 1;
				GENERATE_INFOPLIST_FILE = YES;
				INFOPLIST_FILE = "iOS (Extension)/Info.plist";
				INFOPLIST_KEY_CFBundleDisplayName = "Resource Timer for OGame Extension";
				INFOPLIST_KEY_NSHumanReadableCopyright = "";
				IPHONEOS_DEPLOYMENT_TARGET = 15.0;
				LD_RUNPATH_SEARCH_PATHS = (
					"$(inherited)",
					"@executable_path/Frameworks",
					"@executable_path/../../Frameworks",
				);
				MARKETING_VERSION = 1.0;
				OTHER_LDFLAGS = (
					"-framework",
					SafariServices,
				);
				PRODUCT_BUNDLE_IDENTIFIER = com.kote.resourcetimer.Extension;
				PRODUCT_NAME = "Resource Timer for OGame Extension";
				SDKROOT = iphoneos;
				SKIP_INSTALL = YES;
				STRING_CATALOG_GENERATE_SYMBOLS = YES;
				SWIFT_APPROACHABLE_CONCURRENCY = YES;
				SWIFT_EMIT_LOC_STRINGS = YES;
				SWIFT_UPCOMING_FEATURE_MEMBER_IMPORT_VISIBILITY = YES;
				SWIFT_VERSION = 5.0;
				TARGETED_DEVICE_FAMILY = "1,2";
				VALIDATE_PRODUCT = YES;
			};
			name = Release;
		};
		68BB9F4530759E1000AD9426 /* Debug */ = {
			isa = XCBuildConfiguration;
			buildSettings = {
				ASSETCATALOG_COMPILER_APPICON_NAME = AppIcon;
				ASSETCATALOG_COMPILER_GLOBAL_ACCENT_COLOR_NAME = AccentColor;
				CODE_SIGN_STYLE = Automatic;
				CURRENT_PROJECT_VERSION = 1;
				GENERATE_INFOPLIST_FILE = YES;
				INFOPLIST_FILE = "iOS (App)/Info.plist";
				INFOPLIST_KEY_CFBundleDisplayName = "Resource Timer for OGame";
				INFOPLIST_KEY_UIApplicationSupportsIndirectInputEvents = YES;
				INFOPLIST_KEY_UILaunchStoryboardName = LaunchScreen;
				INFOPLIST_KEY_UIMainStoryboardFile = Main;
				INFOPLIST_KEY_UISupportedInterfaceOrientations = "UIInterfaceOrientationPortrait UIInterfaceOrientationLandscapeLeft UIInterfaceOrientationLandscapeRight";
				INFOPLIST_KEY_UISupportedInterfaceOrientations_iPad = "UIInterfaceOrientationPortrait UIInterfaceOrientationPortraitUpsideDown UIInterfaceOrientationLandscapeLeft UIInterfaceOrientationLandscapeRight";
				IPHONEOS_DEPLOYMENT_TARGET = 15.0;
				LD_RUNPATH_SEARCH_PATHS = (
					"$(inherited)",
					"@executable_path/Frameworks",
				);
				MARKETING_VERSION = 1.0;
				OTHER_LDFLAGS = (
					"-framework",
					SafariServices,
					"-framework",
					WebKit,
				);
				PRODUCT_BUNDLE_IDENTIFIER = com.kote.resourcetimer;
				PRODUCT_NAME = "Resource Timer for OGame";
				SDKROOT = iphoneos;
				STRING_CATALOG_GENERATE_SYMBOLS = YES;
				SWIFT_APPROACHABLE_CONCURRENCY = YES;
				SWIFT_DEFAULT_ACTOR_ISOLATION = MainActor;
				SWIFT_EMIT_LOC_STRINGS = YES;
				SWIFT_UPCOMING_FEATURE_MEMBER_IMPORT_VISIBILITY = YES;
				SWIFT_VERSION = 5.0;
				TARGETED_DEVICE_FAMILY = "1,2";
			};
			name = Debug;
		};
		68BB9F4630759E1000AD9426 /* Release */ = {
			isa = XCBuildConfiguration;
			buildSettings = {
				ASSETCATALOG_COMPILER_APPICON_NAME = AppIcon;
				ASSETCATALOG_COMPILER_GLOBAL_ACCENT_COLOR_NAME = AccentColor;
				CODE_SIGN_STYLE = Automatic;
				CURRENT_PROJECT_VERSION = 1;
				GENERATE_INFOPLIST_FILE = YES;
				INFOPLIST_FILE = "iOS (App)/Info.plist";
				INFOPLIST_KEY_CFBundleDisplayName = "Resource Timer for OGame";
				INFOPLIST_KEY_UIApplicationSupportsIndirectInputEvents = YES;
				INFOPLIST_KEY_UILaunchStoryboardName = LaunchScreen;
				INFOPLIST_KEY_UIMainStoryboardFile = Main;
				INFOPLIST_KEY_UISupportedInterfaceOrientations = "UIInterfaceOrientationPortrait UIInterfaceOrientationLandscapeLeft UIInterfaceOrientationLandscapeRight";
				INFOPLIST_KEY_UISupportedInterfaceOrientations_iPad = "UIInterfaceOrientationPortrait UIInterfaceOrientationPortraitUpsideDown UIInterfaceOrientationLandscapeLeft UIInterfaceOrientationLandscapeRight";
				IPHONEOS_DEPLOYMENT_TARGET = 15.0;
				LD_RUNPATH_SEARCH_PATHS = (
					"$(inherited)",
					"@executable_path/Frameworks",
				);
				MARKETING_VERSION = 1.0;
				OTHER_LDFLAGS = (
					"-framework",
					SafariServices,
					"-framework",
					WebKit,
				);
				PRODUCT_BUNDLE_IDENTIFIER = com.kote.resourcetimer;
				PRODUCT_NAME = "Resource Timer for OGame";
				SDKROOT = iphoneos;
				STRING_CATALOG_GENERATE_SYMBOLS = YES;
				SWIFT_APPROACHABLE_CONCURRENCY = YES;
				SWIFT_DEFAULT_ACTOR_ISOLATION = MainActor;
				SWIFT_EMIT_LOC_STRINGS = YES;
				SWIFT_UPCOMING_FEATURE_MEMBER_IMPORT_VISIBILITY = YES;
				SWIFT_VERSION = 5.0;
				TARGETED_DEVICE_FAMILY = "1,2";
				VALIDATE_PRODUCT = YES;
			};
			name = Release;
		};
		68BB9F4830759E1000AD9426 /* Debug */ = {
			isa = XCBuildConfiguration;
			buildSettings = {
				CODE_SIGN_STYLE = Automatic;
				CURRENT_PROJECT_VERSION = 1;
				ENABLE_APP_SANDBOX = YES;
				ENABLE_HARDENED_RUNTIME = YES;
				ENABLE_USER_SELECTED_FILES = readonly;
				GENERATE_INFOPLIST_FILE = YES;
				INFOPLIST_FILE = "macOS (Extension)/Info.plist";
				INFOPLIST_KEY_CFBundleDisplayName = "Resource Timer for OGame Extension";
				INFOPLIST_KEY_NSHumanReadableCopyright = "";
				LD_RUNPATH_SEARCH_PATHS = (
					"$(inherited)",
					"@executable_path/../Frameworks",
					"@executable_path/../../../../Frameworks",
				);
				MACOSX_DEPLOYMENT_TARGET = 10.14;
				MARKETING_VERSION = 1.0;
				OTHER_LDFLAGS = (
					"-framework",
					SafariServices,
				);
				PRODUCT_BUNDLE_IDENTIFIER = com.kote.resourcetimer.Extension;
				PRODUCT_NAME = "Resource Timer for OGame Extension";
				SDKROOT = macosx;
				SKIP_INSTALL = YES;
				STRING_CATALOG_GENERATE_SYMBOLS = YES;
				SWIFT_APPROACHABLE_CONCURRENCY = YES;
				SWIFT_EMIT_LOC_STRINGS = YES;
				SWIFT_UPCOMING_FEATURE_MEMBER_IMPORT_VISIBILITY = YES;
				SWIFT_VERSION = 5.0;
			};
			name = Debug;
		};
		68BB9F4930759E1000AD9426 /* Release */ = {
			isa = XCBuildConfiguration;
			buildSettings = {
				CODE_SIGN_STYLE = Automatic;
				CURRENT_PROJECT_VERSION = 1;
				ENABLE_APP_SANDBOX = YES;
				ENABLE_HARDENED_RUNTIME = YES;
				ENABLE_USER_SELECTED_FILES = readonly;
				GENERATE_INFOPLIST_FILE = YES;
				INFOPLIST_FILE = "macOS (Extension)/Info.plist";
				INFOPLIST_KEY_CFBundleDisplayName = "Resource Timer for OGame Extension";
				INFOPLIST_KEY_NSHumanReadableCopyright = "";
				LD_RUNPATH_SEARCH_PATHS = (
					"$(inherited)",
					"@executable_path/../Frameworks",
					"@executable_path/../../../../Frameworks",
				);
				MACOSX_DEPLOYMENT_TARGET = 10.14;
				MARKETING_VERSION = 1.0;
				OTHER_LDFLAGS = (
					"-framework",
					SafariServices,
				);
				PRODUCT_BUNDLE_IDENTIFIER = com.kote.resourcetimer.Extension;
				PRODUCT_NAME = "Resource Timer for OGame Extension";
				SDKROOT = macosx;
				SKIP_INSTALL = YES;
				STRING_CATALOG_GENERATE_SYMBOLS = YES;
				SWIFT_APPROACHABLE_CONCURRENCY = YES;
				SWIFT_EMIT_LOC_STRINGS = YES;
				SWIFT_UPCOMING_FEATURE_MEMBER_IMPORT_VISIBILITY = YES;
				SWIFT_VERSION = 5.0;
			};
			name = Release;
		};
		68BB9F4C30759E1000AD9426 /* Debug */ = {
			isa = XCBuildConfiguration;
			buildSettings = {
				ASSETCATALOG_COMPILER_APPICON_NAME = AppIcon;
				ASSETCATALOG_COMPILER_GLOBAL_ACCENT_COLOR_NAME = AccentColor;
				CODE_SIGN_STYLE = Automatic;
				CURRENT_PROJECT_VERSION = 1;
				ENABLE_APP_SANDBOX = YES;
				ENABLE_HARDENED_RUNTIME = YES;
				ENABLE_OUTGOING_NETWORK_CONNECTIONS = YES;
				ENABLE_USER_SELECTED_FILES = readonly;
				GENERATE_INFOPLIST_FILE = YES;
				INFOPLIST_FILE = "macOS (App)/Info.plist";
				INFOPLIST_KEY_CFBundleDisplayName = "Resource Timer for OGame";
				INFOPLIST_KEY_NSMainStoryboardFile = Main;
				INFOPLIST_KEY_NSPrincipalClass = NSApplication;
				LD_RUNPATH_SEARCH_PATHS = (
					"$(inherited)",
					"@executable_path/../Frameworks",
				);
				MACOSX_DEPLOYMENT_TARGET = 10.14;
				MARKETING_VERSION = 1.0;
				OTHER_LDFLAGS = (
					"-framework",
					SafariServices,
					"-framework",
					WebKit,
				);
				PRODUCT_BUNDLE_IDENTIFIER = com.kote.resourcetimer;
				PRODUCT_NAME = "Resource Timer for OGame";
				REGISTER_APP_GROUPS = YES;
				SDKROOT = macosx;
				STRING_CATALOG_GENERATE_SYMBOLS = YES;
				SWIFT_APPROACHABLE_CONCURRENCY = YES;
				SWIFT_DEFAULT_ACTOR_ISOLATION = MainActor;
				SWIFT_EMIT_LOC_STRINGS = YES;
				SWIFT_UPCOMING_FEATURE_MEMBER_IMPORT_VISIBILITY = YES;
				SWIFT_VERSION = 5.0;
			};
			name = Debug;
		};
		68BB9F4D30759E1000AD9426 /* Release */ = {
			isa = XCBuildConfiguration;
			buildSettings = {
				ASSETCATALOG_COMPILER_APPICON_NAME = AppIcon;
				ASSETCATALOG_COMPILER_GLOBAL_ACCENT_COLOR_NAME = AccentColor;
				CODE_SIGN_STYLE = Automatic;
				CURRENT_PROJECT_VERSION = 1;
				ENABLE_APP_SANDBOX = YES;
				ENABLE_HARDENED_RUNTIME = YES;
				ENABLE_OUTGOING_NETWORK_CONNECTIONS = YES;
				ENABLE_USER_SELECTED_FILES = readonly;
				GENERATE_INFOPLIST_FILE = YES;
				INFOPLIST_FILE = "macOS (App)/Info.plist";
				INFOPLIST_KEY_CFBundleDisplayName = "Resource Timer for OGame";
				INFOPLIST_KEY_NSMainStoryboardFile = Main;
				INFOPLIST_KEY_NSPrincipalClass = NSApplication;
				LD_RUNPATH_SEARCH_PATHS = (
					"$(inherited)",
					"@executable_path/../Frameworks",
				);
				MACOSX_DEPLOYMENT_TARGET = 10.14;
				MARKETING_VERSION = 1.0;
				OTHER_LDFLAGS = (
					"-framework",
					SafariServices,
					"-framework",
					WebKit,
				);
				PRODUCT_BUNDLE_IDENTIFIER = com.kote.resourcetimer;
				PRODUCT_NAME = "Resource Timer for OGame";
				REGISTER_APP_GROUPS = YES;
				SDKROOT = macosx;
				STRING_CATALOG_GENERATE_SYMBOLS = YES;
				SWIFT_APPROACHABLE_CONCURRENCY = YES;
				SWIFT_DEFAULT_ACTOR_ISOLATION = MainActor;
				SWIFT_EMIT_LOC_STRINGS = YES;
				SWIFT_UPCOMING_FEATURE_MEMBER_IMPORT_VISIBILITY = YES;
				SWIFT_VERSION = 5.0;
			};
			name = Release;
		};
/* End XCBuildConfiguration section */

/* Begin XCConfigurationList section */
		68BB9EF230759E0F00AD9426 /* Build configuration list for PBXProject "Resource Timer for OGame" */ = {
			isa = XCConfigurationList;
			buildConfigurations = (
				68BB9F3E30759E1000AD9426 /* Debug */,
				68BB9F3F30759E1000AD9426 /* Release */,
			);
			defaultConfigurationIsVisible = 0;
			defaultConfigurationName = Release;
		};
		68BB9F4030759E1000AD9426 /* Build configuration list for PBXNativeTarget "Resource Timer for OGame Extension (iOS)" */ = {
			isa = XCConfigurationList;
			buildConfigurations = (
				68BB9F4130759E1000AD9426 /* Debug */,
				68BB9F4230759E1000AD9426 /* Release */,
			);
			defaultConfigurationIsVisible = 0;
			defaultConfigurationName = Release;
		};
		68BB9F4430759E1000AD9426 /* Build configuration list for PBXNativeTarget "Resource Timer for OGame (iOS)" */ = {
			isa = XCConfigurationList;
			buildConfigurations = (
				68BB9F4530759E1000AD9426 /* Debug */,
				68BB9F4630759E1000AD9426 /* Release */,
			);
			defaultConfigurationIsVisible = 0;
			defaultConfigurationName = Release;
		};
		68BB9F4730759E1000AD9426 /* Build configuration list for PBXNativeTarget "Resource Timer for OGame Extension (macOS)" */ = {
			isa = XCConfigurationList;
			buildConfigurations = (
				68BB9F4830759E1000AD9426 /* Debug */,
				68BB9F4930759E1000AD9426 /* Release */,
			);
			defaultConfigurationIsVisible = 0;
			defaultConfigurationName = Release;
		};
		68BB9F4B30759E1000AD9426 /* Build configuration list for PBXNativeTarget "Resource Timer for OGame (macOS)" */ = {
			isa = XCConfigurationList;
			buildConfigurations = (
				68BB9F4C30759E1000AD9426 /* Debug */,
				68BB9F4D30759E1000AD9426 /* Release */,
			);
			defaultConfigurationIsVisible = 0;
			defaultConfigurationName = Release;
		};
/* End XCConfigurationList section */
	};
	rootObject = 68BB9EEF30759E0F00AD9426 /* Project object */;
}
